{
  "version": 4,
  "terraform_version": "1.15.6",
  "serial": 8,
  "lineage": "b3e41334-9287-e40f-4a65-74449aac50d7",
  "outputs": {
    "public_ips": {
      "value": [
        "3.70.158.91",
        "3.64.124.159"
      ],
      "type": [
        "tuple",
        [
          "string",
          "string"
        ]
      ]
    },
    "urls": {
      "value": [
        "http://3.70.158.91",
        "http://3.64.124.159"
      ],
      "type": [
        "tuple",
        [
          "string",
          "string"
        ]
      ]
    }
  },
  "resources": [
    {
      "mode": "data",
      "type": "aws_ami",
      "name": "al2023",
      "provider": "provider[\"registry.terraform.io/hashicorp/aws\"]",
      "instances": [
        {
          "schema_version": 0,
          "attributes": {
            "architecture": "x86_64",
            "arn": "arn:aws:ec2:eu-central-1::image/ami-01e272f41db78d79b",
            "block_device_mappings": [
              {
                "device_name": "/dev/xvda",
                "ebs": {
                  "delete_on_termination": "true",
                  "encrypted": "false",
                  "iops": "3000",
                  "snapshot_id": "snap-0ed57e9356ad35808",
                  "throughput": "125",
                  "volume_initialization_rate": "0",
                  "volume_size": "8",
                  "volume_type": "gp3"
                },
                "no_device": "",
                "virtual_name": ""
              }
            ],
            "boot_mode": "uefi-preferred",
            "creation_date": "2026-06-11T21:28:23.000Z",
            "deprecation_time": "2026-09-09T23:00:00.000Z",
            "description": "Amazon Linux 2023 AMI 2023.12.20260611.0 x86_64 HVM kernel-6.18",
            "ena_support": true,
            "executable_users": null,
            "filter": [
              {
                "name": "name",
                "values": [
                  "al2023-ami-2023.*-x86_64"
                ]
              },
              {
                "name": "virtualization-type",
                "values": [
                  "hvm"
                ]
              }
            ],
            "hypervisor": "xen",
            "id": "ami-01e272f41db78d79b",
            "image_id": "ami-01e272f41db78d79b",
            "image_location": "amazon/al2023-ami-2023.12.20260611.0-kernel-6.18-x86_64",
            "image_owner_alias": "amazon",
            "image_type": "machine",
            "imds_support": "v2.0",
            "include_deprecated": false,
            "kernel_id": "",
            "last_launched_time": "",
            "most_recent": true,
            "name": "al2023-ami-2023.12.20260611.0-kernel-6.18-x86_64",
            "name_regex": null,
            "owner_id": "137112412989",
            "owners": [
              "amazon"
            ],
            "platform": "",
            "platform_details": "Linux/UNIX",
            "product_codes": [],
            "public": true,
            "ramdisk_id": "",
            "root_device_name": "/dev/xvda",
            "root_device_type": "ebs",
            "root_snapshot_id": "snap-0ed57e9356ad35808",
            "sriov_net_support": "simple",
            "state": "available",
            "state_reason": {
              "code": "UNSET",
              "message": "UNSET"
            },
            "tags": {},
            "timeouts": null,
            "tpm_support": "",
            "uefi_data": null,
            "usage_operation": "RunInstances",
            "virtualization_type": "hvm"
          },
          "sensitive_attributes": [],
          "identity_schema_version": 0
        }
      ]
    },
    {
      "mode": "data",
      "type": "aws_subnets",
      "name": "default",
      "provider": "provider[\"registry.terraform.io/hashicorp/aws\"]",
      "instances": [
        {
          "schema_version": 0,
          "attributes": {
            "filter": [
              {
                "name": "vpc-id",
                "values": [
                  "vpc-0e757a4394cabec5e"
                ]
              }
            ],
            "id": "eu-central-1",
            "ids": [
              "subnet-0689b5f4b3a9a2794",
              "subnet-0e0a8141e092c99f0",
              "subnet-01967f271dc82fe8a"
            ],
            "tags": null,
            "timeouts": null
          },
          "sensitive_attributes": [],
          "identity_schema_version": 0
        }
      ]
    },
    {
      "mode": "data",
      "type": "aws_vpc",
      "name": "default",
      "provider": "provider[\"registry.terraform.io/hashicorp/aws\"]",
      "instances": [
        {
          "schema_version": 0,
          "attributes": {
            "arn": "arn:aws:ec2:eu-central-1:236553837569:vpc/vpc-0e757a4394cabec5e",
            "cidr_block": "172.31.0.0/16",
            "cidr_block_associations": [
              {
                "association_id": "vpc-cidr-assoc-09076a9546e705930",
                "cidr_block": "172.31.0.0/16",
                "state": "associated"
              }
            ],
            "default": true,
            "dhcp_options_id": "dopt-0701df63f64c29dd3",
            "enable_dns_hostnames": true,
            "enable_dns_support": true,
            "enable_network_address_usage_metrics": false,
            "filter": null,
            "id": "vpc-0e757a4394cabec5e",
            "instance_tenancy": "default",
            "ipv6_association_id": "",
            "ipv6_cidr_block": "",
            "main_route_table_id": "rtb-073da8b2209a99def",
            "owner_id": "236553837569",
            "state": null,
            "tags": {},
            "timeouts": null
          },
          "sensitive_attributes": [],
          "identity_schema_version": 0
        }
      ]
    },
    {
      "mode": "managed",
      "type": "aws_instance",
      "name": "web",
      "provider": "provider[\"registry.terraform.io/hashicorp/aws\"]",
      "instances": [
        {
          "index_key": 0,
          "schema_version": 1,
          "attributes": {
            "ami": "ami-01e272f41db78d79b",
            "arn": "arn:aws:ec2:eu-central-1:236553837569:instance/i-09847df16780e8564",
            "associate_public_ip_address": true,
            "availability_zone": "eu-central-1a",
            "capacity_reservation_specification": [
              {
                "capacity_reservation_preference": "open",
                "capacity_reservation_target": []
              }
            ],
            "cpu_core_count": 1,
            "cpu_options": [
              {
                "amd_sev_snp": "",
                "core_count": 1,
                "threads_per_core": 2
              }
            ],
            "cpu_threads_per_core": 2,
            "credit_specification": [
              {
                "cpu_credits": "unlimited"
              }
            ],
            "disable_api_stop": false,
            "disable_api_termination": false,
            "ebs_block_device": [],
            "ebs_optimized": false,
            "enable_primary_ipv6": null,
            "enclave_options": [
              {
                "enabled": false
              }
            ],
            "ephemeral_block_device": [],
            "get_password_data": false,
            "hibernation": false,
            "host_id": "",
            "host_resource_group_arn": null,
            "iam_instance_profile": "",
            "id": "i-09847df16780e8564",
            "instance_initiated_shutdown_behavior": "stop",
            "instance_lifecycle": "",
            "instance_market_options": [],
            "instance_state": "running",
            "instance_type": "t3.micro",
            "ipv6_address_count": 0,
            "ipv6_addresses": [],
            "key_name": "tf-ansible-key",
            "launch_template": [],
            "maintenance_options": [
              {
                "auto_recovery": "default"
              }
            ],
            "metadata_options": [
              {
                "http_endpoint": "enabled",
                "http_protocol_ipv6": "disabled",
                "http_put_response_hop_limit": 2,
                "http_tokens": "required",
                "instance_metadata_tags": "disabled"
              }
            ],
            "monitoring": false,
            "network_interface": [],
            "outpost_arn": "",
            "password_data": "",
            "placement_group": "",
            "placement_partition_number": 0,
            "primary_network_interface_id": "eni-070c6fcec526645de",
            "private_dns": "ip-172-31-25-11.eu-central-1.compute.internal",
            "private_dns_name_options": [
              {
                "enable_resource_name_dns_a_record": false,
                "enable_resource_name_dns_aaaa_record": false,
                "hostname_type": "ip-name"
              }
            ],
            "private_ip": "172.31.25.11",
            "public_dns": "ec2-3-70-158-91.eu-central-1.compute.amazonaws.com",
            "public_ip": "3.70.158.91",
            "root_block_device": [
              {
                "delete_on_termination": true,
                "device_name": "/dev/xvda",
                "encrypted": false,
                "iops": 3000,
                "kms_key_id": "",
                "tags": {},
                "tags_all": {},
                "throughput": 125,
                "volume_id": "vol-0f877901de4238916",
                "volume_size": 8,
                "volume_type": "gp3"
              }
            ],
            "secondary_private_ips": [],
            "security_groups": [
              "tf-ansible-sg"
            ],
            "source_dest_check": true,
            "spot_instance_request_id": "",
            "subnet_id": "subnet-0689b5f4b3a9a2794",
            "tags": {
              "Name": "tf-ansible-web-1"
            },
            "tags_all": {
              "Name": "tf-ansible-web-1"
            },
            "tenancy": "default",
            "timeouts": null,
            "user_data": null,
            "user_data_base64": null,
            "user_data_replace_on_change": false,
            "volume_tags": null,
            "vpc_security_group_ids": [
              "sg-0c37e3a34958334af"
            ]
          },
          "sensitive_attributes": [],
          "identity_schema_version": 0,
          "private": "eyJlMmJmYjczMC1lY2FhLTExZTYtOGY4OC0zNDM2M2JjN2M0YzAiOnsiY3JlYXRlIjo2MDAwMDAwMDAwMDAsImRlbGV0ZSI6MTIwMDAwMDAwMDAwMCwicmVhZCI6OTAwMDAwMDAwMDAwLCJ1cGRhdGUiOjYwMDAwMDAwMDAwMH0sInNjaGVtYV92ZXJzaW9uIjoiMSJ9",
          "dependencies": [
            "aws_key_pair.ssh",
            "aws_security_group.web",
            "data.aws_ami.al2023",
            "data.aws_subnets.default",
            "data.aws_vpc.default",
            "tls_private_key.ssh"
          ]
        },
        {
          "index_key": 1,
          "schema_version": 1,
          "attributes": {
            "ami": "ami-01e272f41db78d79b",
            "arn": "arn:aws:ec2:eu-central-1:236553837569:instance/i-0f3443bb103ac086a",
            "associate_public_ip_address": true,
            "availability_zone": "eu-central-1b",
            "capacity_reservation_specification": [
              {
                "capacity_reservation_preference": "open",
                "capacity_reservation_target": []
              }
            ],
            "cpu_core_count": 1,
            "cpu_options": [
              {
                "amd_sev_snp": "",
                "core_count": 1,
                "threads_per_core": 2
              }
            ],
            "cpu_threads_per_core": 2,
            "credit_specification": [
              {
                "cpu_credits": "unlimited"
              }
            ],
            "disable_api_stop": false,
            "disable_api_termination": false,
            "ebs_block_device": [],
            "ebs_optimized": false,
            "enable_primary_ipv6": null,
            "enclave_options": [
              {
                "enabled": false
              }
            ],
            "ephemeral_block_device": [],
            "get_password_data": false,
            "hibernation": false,
            "host_id": "",
            "host_resource_group_arn": null,
            "iam_instance_profile": "",
            "id": "i-0f3443bb103ac086a",
            "instance_initiated_shutdown_behavior": "stop",
            "instance_lifecycle": "",
            "instance_market_options": [],
            "instance_state": "running",
            "instance_type": "t3.micro",
            "ipv6_address_count": 0,
            "ipv6_addresses": [],
            "key_name": "tf-ansible-key",
            "launch_template": [],
            "maintenance_options": [
              {
                "auto_recovery": "default"
              }
            ],
            "metadata_options": [
              {
                "http_endpoint": "enabled",
                "http_protocol_ipv6": "disabled",
                "http_put_response_hop_limit": 2,
                "http_tokens": "required",
                "instance_metadata_tags": "disabled"
              }
            ],
            "monitoring": false,
            "network_interface": [],
            "outpost_arn": "",
            "password_data": "",
            "placement_group": "",
            "placement_partition_number": 0,
            "primary_network_interface_id": "eni-07afd04598e9a2374",
            "private_dns": "ip-172-31-35-142.eu-central-1.compute.internal",
            "private_dns_name_options": [
              {
                "enable_resource_name_dns_a_record": false,
                "enable_resource_name_dns_aaaa_record": false,
                "hostname_type": "ip-name"
              }
            ],
            "private_ip": "172.31.35.142",
            "public_dns": "ec2-3-64-124-159.eu-central-1.compute.amazonaws.com",
            "public_ip": "3.64.124.159",
            "root_block_device": [
              {
                "delete_on_termination": true,
                "device_name": "/dev/xvda",
                "encrypted": false,
                "iops": 3000,
                "kms_key_id": "",
                "tags": {},
                "tags_all": {},
                "throughput": 125,
                "volume_id": "vol-03994e255e8028b56",
                "volume_size": 8,
                "volume_type": "gp3"
              }
            ],
            "secondary_private_ips": [],
            "security_groups": [
              "tf-ansible-sg"
            ],
            "source_dest_check": true,
            "spot_instance_request_id": "",
            "subnet_id": "subnet-0e0a8141e092c99f0",
            "tags": {
              "Name": "tf-ansible-web-2"
            },
            "tags_all": {
              "Name": "tf-ansible-web-2"
            },
            "tenancy": "default",
            "timeouts": null,
            "user_data": null,
            "user_data_base64": null,
            "user_data_replace_on_change": false,
            "volume_tags": null,
            "vpc_security_group_ids": [
              "sg-0c37e3a34958334af"
            ]
          },
          "sensitive_attributes": [],
          "identity_schema_version": 0,
          "private": "eyJlMmJmYjczMC1lY2FhLTExZTYtOGY4OC0zNDM2M2JjN2M0YzAiOnsiY3JlYXRlIjo2MDAwMDAwMDAwMDAsImRlbGV0ZSI6MTIwMDAwMDAwMDAwMCwicmVhZCI6OTAwMDAwMDAwMDAwLCJ1cGRhdGUiOjYwMDAwMDAwMDAwMH0sInNjaGVtYV92ZXJzaW9uIjoiMSJ9",
          "dependencies": [
            "aws_key_pair.ssh",
            "aws_security_group.web",
            "data.aws_ami.al2023",
            "data.aws_subnets.default",
            "data.aws_vpc.default",
            "tls_private_key.ssh"
          ]
        }
      ]
    },
    {
      "mode": "managed",
      "type": "aws_key_pair",
      "name": "ssh",
      "provider": "provider[\"registry.terraform.io/hashicorp/aws\"]",
      "instances": [
        {
          "schema_version": 1,
          "attributes": {
            "arn": "arn:aws:ec2:eu-central-1:236553837569:key-pair/tf-ansible-key",
            "fingerprint": "bb:e8:6d:b4:6d:02:b5:7b:8c:40:88:27:a4:6d:b0:1a",
            "id": "tf-ansible-key",
            "key_name": "tf-ansible-key",
            "key_name_prefix": "",
            "key_pair_id": "key-0ab5e99c7d78dbcb4",
            "key_type": "rsa",
            "public_key": "ssh-rsa AAAAB3NzaC1yc2EAAAADAQABAAACAQDSeskQU3xB1gBYo3Q9K30ozGKmG2Yok9VyuZOXCBhTb6YGvasdpbGNVWD5XlyCTduGQXUNmX46w/EeuF72Oc2SPVEsutIVAHxH20lXw/Jh/2f2SO73o9R77k0uiZoZIQRlnm0Tz4mFoG9lhSrUrPAMS0z0f2sBmLf4qHCESj1FCbiFyHQVpDNOyRVB70yoa9SrQX9bs9PR7IFGz5bHbEP6ckodnOZK3a+9CNj5QCpC8mXPRdd1RSwoBDd3CLJb/7UhK+1agt+obV0KAof6ZeI+s65zxI5NJN+kSTRgZSNxBlAs2n2klebxJxop4sMRQE4ZDoSx9EUwkWNNrNBuhzz2Ee/oX+NVbQ6QaAmHp5i6VEGkPkB/3SdSxJnVUyngDVCjDlkWk1txCAsFD1ImW3EwoDEp+gpHmlvOiU5jPjevXLmHuc3DgQ4NL40+//NjM79bAOSjC4oEuwRAv+jgpk4x6XIi5BMcXnJ+sYpJzrYMMHisQ4/8p7bPLSez7/5tv9HdkXBnhfuSdLGspHWXIfQ00CKZAhaMR85dWLlktFbZ2U1PVSAU9Ef8CryiWmWLpYeYusp6kX15FKKsEmP6PcX5uJCtgkf9KyXPqzoN73WYDi8ex6m0V7gR3A1TcftjzjQUcXwF+k8VJX/yHts39JwsiI+iV6xIt32NqZEkoy6zzw==",
            "tags": null,
            "tags_all": {}
          },
          "sensitive_attributes": [],
          "identity_schema_version": 0,
          "private": "eyJzY2hlbWFfdmVyc2lvbiI6IjEifQ==",
          "dependencies": [
            "tls_private_key.ssh"
          ]
        }
      ]
    },
    {
      "mode": "managed",
      "type": "aws_security_group",
      "name": "web",
      "provider": "provider[\"registry.terraform.io/hashicorp/aws\"]",
      "instances": [
        {
          "schema_version": 1,
          "attributes": {
            "arn": "arn:aws:ec2:eu-central-1:236553837569:security-group/sg-0c37e3a34958334af",
            "description": "Allow SSH from my IP and HTTP from anywhere",
            "egress": [
              {
                "cidr_blocks": [
                  "0.0.0.0/0"
                ],
                "description": "All outbound",
                "from_port": 0,
                "ipv6_cidr_blocks": [],
                "prefix_list_ids": [],
                "protocol": "-1",
                "security_groups": [],
                "self": false,
                "to_port": 0
              }
            ],
            "id": "sg-0c37e3a34958334af",
            "ingress": [
              {
                "cidr_blocks": [
                  "0.0.0.0/0"
                ],
                "description": "HTTP from anywhere",
                "from_port": 80,
                "ipv6_cidr_blocks": [],
                "prefix_list_ids": [],
                "protocol": "tcp",
                "security_groups": [],
                "self": false,
                "to_port": 80
              },
              {
                "cidr_blocks": [
                  "81.210.67.229/32"
                ],
                "description": "SSH from my IP",
                "from_port": 22,
                "ipv6_cidr_blocks": [],
                "prefix_list_ids": [],
                "protocol": "tcp",
                "security_groups": [],
                "self": false,
                "to_port": 22
              }
            ],
            "name": "tf-ansible-sg",
            "name_prefix": "",
            "owner_id": "236553837569",
            "revoke_rules_on_delete": false,
            "tags": {
              "Name": "tf-ansible-sg"
            },
            "tags_all": {
              "Name": "tf-ansible-sg"
            },
            "timeouts": null,
            "vpc_id": "vpc-0e757a4394cabec5e"
          },
          "sensitive_attributes": [],
          "identity_schema_version": 0,
          "private": "eyJlMmJmYjczMC1lY2FhLTExZTYtOGY4OC0zNDM2M2JjN2M0YzAiOnsiY3JlYXRlIjo2MDAwMDAwMDAwMDAsImRlbGV0ZSI6OTAwMDAwMDAwMDAwfSwic2NoZW1hX3ZlcnNpb24iOiIxIn0=",
          "dependencies": [
            "data.aws_vpc.default"
          ]
        }
      ]
    },
    {
      "mode": "managed",
      "type": "local_file",
      "name": "ansible_inventory",
      "provider": "provider[\"registry.terraform.io/hashicorp/local\"]",
      "instances": [
        {
          "schema_version": 0,
          "attributes": {
            "content": "[web]\n3.70.158.91\n3.64.124.159\n\n[web:vars]\nansible_user=ec2-user\nansible_ssh_private_key_file=./tf-ansible-key.pem\nansible_ssh_common_args='-o StrictHostKeyChecking=no'\n",
            "content_base64": null,
            "content_base64sha256": "5LtW0FS0xICRqhjxkj5JC2TSUDQPFuMBJMgWGn2y9eU=",
            "content_base64sha512": "bXdcXeEg6tKkcT6XRLsfefe6SHHHV8mEZcab4dGyCaY4dzyWet7WCOS6mtSquwSX5Useeh8BRJfwdHqIz1iiSA==",
            "content_md5": "75f206c4862792045b5b81fae909fff4",
            "content_sha1": "82262e52453034b0d22b2db5a12541348fdf4339",
            "content_sha256": "e4bb56d054b4c48091aa18f1923e490b64d250340f16e30124c8161a7db2f5e5",
            "content_sha512": "6d775c5de120ead2a4713e9744bb1f79f7ba4871c757c98465c69be1d1b209a638773c967aded608e4ba9ad4aabb0497e54b1e7a1f014497f0747a88cf58a248",
            "directory_permission": "0777",
            "file_permission": "0777",
            "filename": "./inventory.ini",
            "id": "82262e52453034b0d22b2db5a12541348fdf4339",
            "sensitive_content": null,
            "source": null
          },
          "sensitive_attributes": [
            [
              {
                "type": "get_attr",
                "value": "sensitive_content"
              }
            ]
          ],
          "identity_schema_version": 0,
          "dependencies": [
            "aws_instance.web",
            "aws_key_pair.ssh",
            "aws_security_group.web",
            "data.aws_ami.al2023",
            "data.aws_subnets.default",
            "data.aws_vpc.default",
            "tls_private_key.ssh"
          ]
        }
      ]
    },
    {
      "mode": "managed",
      "type": "local_file",
      "name": "private_key",
      "provider": "provider[\"registry.terraform.io/hashicorp/local\"]",
      "instances": [
        {
          "schema_version": 0,
          "attributes": {
            "content": "-----BEGIN RSA PRIVATE KEY-----\nMIIJKAIBAAKCAgEA0nrJEFN8QdYAWKN0PSt9KMxiphtmKJPVcrmTlwgYU2+mBr2r\nHaWxjVVg+V5cgk3bhkF1DZl+OsPxHrhe9jnNkj1RLLrSFQB8R9tJV8PyYf9n9kju\n96PUe+5NLomaGSEEZZ5tE8+JhaBvZYUq1KzwDEtM9H9rAZi3+KhwhEo9RQm4hch0\nFaQzTskVQe9MqGvUq0F/W7PT0eyBRs+Wx2xD+nJKHZzmSt2vvQjY+UAqQvJlz0XX\ndUUsKAQ3dwiyW/+1ISvtWoLfqG1dCgKH+mXiPrOuc8SOTSTfpEk0YGUjcQZQLNp9\npJXm8ScaKeLDEUBOGQ6EsfRFMJFjTazQboc89hHv6F/jVW0OkGgJh6eYulRBpD5A\nf90nUsSZ1VMp4A1Qow5ZFpNbcQgLBQ9SJltxMKAxKfoKR5pbzolOYz43r1y5h7nN\nw4EODS+NPv/zYzO/WwDkowuKBLsEQL/o4KZOMelyIuQTHF5yfrGKSc62DDB4rEOP\n/Ke2zy0ns+/+bb/R3ZFwZ4X7knSxrKR1lyH0NNAimQIWjEfOXVi5ZLRW2dlNT1Ug\nFPRH/Aq8olpli6WHmLrKepF9eRSirBJj+j3F+biQrYJH/Sslz6s6De91mA4vHsep\ntFe4EdwNU3H7Y840FHF8BfpPFSV/8h7bN/ScLIiPolesSLd9jamRJKMus88CAwEA\nAQKCAgBQRdDZ/6UTrMzMAWbLD4N35F85L5jqH9uXmgweXVF9vMaKqpqQv4k0OFw4\nLtNERPJUxTEhwyj/u4wBpdpduNTckbMcRpHpvZoog4r4xHv0AQcCyHUPEDXxIATi\nm0sgi1WUdfPuyseNpY7mnn+jxeL1JWDPnKrQXJDJbmAfK/srEdaEe1s+h7Wjtg/7\n6gqH7zwYJm4uqKo/1R3GxlQgcXuJkD4RBi5UXjDwfOfXQ6/6gVzvzJisGnoJNvZ6\nWOBBMwg/AvROgTxQjYke0LFQf7vmIvwFHfERnd8HVn35x4jZScmZGakydJMz5LBX\nSisQMMC4UK+t+NXMfJ5tWNvTU5OdKfvW/TQxDK0rjIj9sThi3bgiO6eoJtJOOCY1\nTvI0rUmS0iEdW/m0sl6F76OT5bE7TliO/FIhxq67uc3lzF/oBXZnR5b1P/6WvU0C\nBr4W6vn8OdNfC+77kPjx0p1f+SoB4mi+RYBUEp/x2UiTeSo2nvsT2GQ0XESE7mYH\nU+NQDaVj1NKFb+OAdvjngPHwXyU+GEYPjQk/aiz0l+ky5DIl6XzXJdjd7D740Vt2\nNUiA4uyfuMf7B2zidmJ3DT4ia3L4CLfnrEudxuPXMs9BOaD8QBTwfJi/EvCRHfAF\naAnaMF/G+OX5yTROPwveh6Qzs85Rcs95zL/4K+203KkIqtXtVQKCAQEA9t/0ud92\n/FlAkBRjJrRKWkJN/oWzqxwNlmGbFStkylvxk5pw4TT/pD58JRcp+gWdhTMCwXzp\n1A2sZIgTY+NR0GPc4Hfzjquqm/4efNfTyn7ZaeDiUINjg/i2Fcc/ZcNsKhOUElEG\nb60YRt17fANnVL8H/e+xit/3fEe2BH2xG5kO31AZRfxMXGCYsXYGJEZSCxiemQaO\n7n5XlTnNIETjMdD8eCsPb/TruIWDf3koU2N74zwQtH65nC7mLwWJto1cG1K7Gn1n\n6IA9AZlZsNPNCalMMJ8i+L1X4v4ftQKq7YtMDsMeskJ2LroC+3B1WcQQFXY88AJs\nVTOQjRH4YGfXRQKCAQEA2kJw86eYBrA9Wq3WvKzxqbK5sCJpBmw2dn/9g6bH63V1\nMQWKA+nVJ1tvze5RLbNc02k7iaOQvfKK/5LStIC4dwLTV38xULZFl4pxZISaZTEh\naXYUBHe5hoUNf55uS+fzaylPyolNRvY684xTO/qFbD8W/EvVTSnVXzQigZDZOmEI\nueq8a/UhXySq8nn+cFRxYKXfRxX6C+nIFhA2+XvCfoJIhYoRtYohbW5ltWTDcKXD\nQlW4L837CBXQ+8eHTl4Xnjcyx/PwxlnHgYehdNjjKcBbPJWdbJrzWEZrcKdld6vj\nQm8huM4qCOfpermI8i3+tGzRcWqgQgG2FnhjoG5WAwKCAQBHi7YP3BxOm8sjNlVZ\n1SwrJkYWOkdMko+5gkYAh5fpMWY8gaivC73+qoEt+p2WsOPqw1LMIlhdtSy94dXE\nwA9o1lgf0YOLWGLUXHwXcDEX4VU+4waTkNBZYc3bV+gepNkHBK+H82VrHf4II43y\n7cWXgNlfFYUdmzTNFrdAa/DU77GotDzu1GSI7RGzdGHpR1vljVgBPy5THdhiDeNN\ns8koGcnhRZFuv8tEqaTnX4R5Tj6MJ08sEAHYqprZC8DSX/tOi9ZfofJoJioH+ZpN\nrcQhRagn+yaWccEzrrQfsEs7FoCPUqrlvG8lsZDFr9zCjBihL6gPYpRkyNHeoFOc\nFNwFAoIBAQCI19N90PxOZT1ylz/luAEkxrwJpOl4b2yOS50lZ/I8vL4naDOqVHei\nX3/v+5XGM4jlvDrqBzV/Ao0HxIR7S6FcbNcZKtQ+qKllZBXIUiODgpRSTQgr7OzT\nXKSj+S9qRBmofJRchk1/Sm6XuMmO93mj7sJ4mQs5gBsZv9RKrAimw6P2/Sf6AA1W\nW+UadkaDI06arCUbqrnFsmQTAUOWlHPTYdgacgC8c8iVlfwLCQxImoWcF6aNwnW8\nEgGfevBowDHKrw0VtOqnUi72FZWzbzCuQr5xc9Tp/RTJqg0+6pWBvLGWO5tHBWvx\nfYYzvhQQ06m4cem3VIT6HZyO5hiAw+0FAoIBAC+F56Nrbg5fi62l3lNqdozNpPRY\nq4ZijxpgrO/4GeU50FixZbPLSiZOhVuIMoFoghei7j6KzO5fiByjr/xch0RGtwf0\nIScYsif/fiITz2A+t5HLkQxFtFlaqRloxJhzXWWZydSK/5t4cQiZ2iWhBOooSY9L\nQBPPlBNF/9rcTF7KID+jctbI0irS8f2ZSQWWqMHg5j6xU8UZT/Fwu9gSZYpEA4jD\nwv1a5nhd39R4YHeUa68lkpiDeo6jxjtSTfwnFMLN30F8GMyUZgJm9JyWX+mdlqJM\n86A6fm/V5Cdn/T9YE4E7CGT0jB42ZXqt0S2G/reyzbHb4sCnmbUc63DrVJ0=\n-----END RSA PRIVATE KEY-----\n",
            "content_base64": null,
            "content_base64sha256": "oOpxCAn+kN+9jWHRJq3reYWfp9Xyl4LzePb8AdWxVQU=",
            "content_base64sha512": "lSeGfRPT9kCUNMWLHIlp9P7/dUPTXRaoEXPj1Mjndsux7OJG63waejqqIRdn7JgMW86m8MhkjWmSsMoVInedwg==",
            "content_md5": "c706aeaa120e81cff27665c893cf8f5c",
            "content_sha1": "a5d6509479206ab4fe1a9699a05913327168b740",
            "content_sha256": "a0ea710809fe90dfbd8d61d126adeb79859fa7d5f29782f378f6fc01d5b15505",
            "content_sha512": "9527867d13d3f6409434c58b1c8969f4feff7543d35d16a81173e3d4c8e776cbb1ece246eb7c1a7a3aaa211767ec980c5bcea6f0c8648d6992b0ca1522779dc2",
            "directory_permission": "0777",
            "file_permission": "0400",
            "filename": "./tf-ansible-key.pem",
            "id": "a5d6509479206ab4fe1a9699a05913327168b740",
            "sensitive_content": null,
            "source": null
          },
          "sensitive_attributes": [
            [
              {
                "type": "get_attr",
                "value": "content"
              }
            ],
            [
              {
                "type": "get_attr",
                "value": "sensitive_content"
              }
            ]
          ],
          "identity_schema_version": 0,
          "dependencies": [
            "tls_private_key.ssh"
          ]
        }
      ]
    },
    {
      "mode": "managed",
      "type": "tls_private_key",
      "name": "ssh",
      "provider": "provider[\"registry.terraform.io/hashicorp/tls\"]",
      "instances": [
        {
          "schema_version": 1,
          "attributes": {
            "algorithm": "RSA",
            "ecdsa_curve": "P224",
            "id": "f97cd05d6189043b567f1417627fc31a95aa0d81",
            "private_key_openssh": "-----BEGIN OPENSSH PRIVATE KEY-----\nb3BlbnNzaC1rZXktdjEAAAAABG5vbmUAAAAEbm9uZQAAAAAAAAABAAACFwAAAAdz\nc2gtcnNhAAAAAwEAAQAAAgEA0nrJEFN8QdYAWKN0PSt9KMxiphtmKJPVcrmTlwgY\nU2+mBr2rHaWxjVVg+V5cgk3bhkF1DZl+OsPxHrhe9jnNkj1RLLrSFQB8R9tJV8Py\nYf9n9kju96PUe+5NLomaGSEEZZ5tE8+JhaBvZYUq1KzwDEtM9H9rAZi3+KhwhEo9\nRQm4hch0FaQzTskVQe9MqGvUq0F/W7PT0eyBRs+Wx2xD+nJKHZzmSt2vvQjY+UAq\nQvJlz0XXdUUsKAQ3dwiyW/+1ISvtWoLfqG1dCgKH+mXiPrOuc8SOTSTfpEk0YGUj\ncQZQLNp9pJXm8ScaKeLDEUBOGQ6EsfRFMJFjTazQboc89hHv6F/jVW0OkGgJh6eY\nulRBpD5Af90nUsSZ1VMp4A1Qow5ZFpNbcQgLBQ9SJltxMKAxKfoKR5pbzolOYz43\nr1y5h7nNw4EODS+NPv/zYzO/WwDkowuKBLsEQL/o4KZOMelyIuQTHF5yfrGKSc62\nDDB4rEOP/Ke2zy0ns+/+bb/R3ZFwZ4X7knSxrKR1lyH0NNAimQIWjEfOXVi5ZLRW\n2dlNT1UgFPRH/Aq8olpli6WHmLrKepF9eRSirBJj+j3F+biQrYJH/Sslz6s6De91\nmA4vHseptFe4EdwNU3H7Y840FHF8BfpPFSV/8h7bN/ScLIiPolesSLd9jamRJKMu\ns88AAAc4q8SnzavEp80AAAAHc3NoLXJzYQAAAgEA0nrJEFN8QdYAWKN0PSt9KMxi\nphtmKJPVcrmTlwgYU2+mBr2rHaWxjVVg+V5cgk3bhkF1DZl+OsPxHrhe9jnNkj1R\nLLrSFQB8R9tJV8PyYf9n9kju96PUe+5NLomaGSEEZZ5tE8+JhaBvZYUq1KzwDEtM\n9H9rAZi3+KhwhEo9RQm4hch0FaQzTskVQe9MqGvUq0F/W7PT0eyBRs+Wx2xD+nJK\nHZzmSt2vvQjY+UAqQvJlz0XXdUUsKAQ3dwiyW/+1ISvtWoLfqG1dCgKH+mXiPrOu\nc8SOTSTfpEk0YGUjcQZQLNp9pJXm8ScaKeLDEUBOGQ6EsfRFMJFjTazQboc89hHv\n6F/jVW0OkGgJh6eYulRBpD5Af90nUsSZ1VMp4A1Qow5ZFpNbcQgLBQ9SJltxMKAx\nKfoKR5pbzolOYz43r1y5h7nNw4EODS+NPv/zYzO/WwDkowuKBLsEQL/o4KZOMely\nIuQTHF5yfrGKSc62DDB4rEOP/Ke2zy0ns+/+bb/R3ZFwZ4X7knSxrKR1lyH0NNAi\nmQIWjEfOXVi5ZLRW2dlNT1UgFPRH/Aq8olpli6WHmLrKepF9eRSirBJj+j3F+biQ\nrYJH/Sslz6s6De91mA4vHseptFe4EdwNU3H7Y840FHF8BfpPFSV/8h7bN/ScLIiP\nolesSLd9jamRJKMus88AAAADAQABAAACAFBF0Nn/pROszMwBZssPg3fkXzkvmOof\n25eaDB5dUX28xoqqmpC/iTQ4XDgu00RE8lTFMSHDKP+7jAGl2l241NyRsxxGkem9\nmiiDivjEe/QBBwLIdQ8QNfEgBOKbSyCLVZR18+7Kx42ljuaef6PF4vUlYM+cqtBc\nkMluYB8r+ysR1oR7Wz6HtaO2D/vqCofvPBgmbi6oqj/VHcbGVCBxe4mQPhEGLlRe\nMPB859dDr/qBXO/MmKwaegk29npY4EEzCD8C9E6BPFCNiR7QsVB/u+Yi/AUd8RGd\n3wdWffnHiNlJyZkZqTJ0kzPksFdKKxAwwLhQr6341cx8nm1Y29NTk50p+9b9NDEM\nrSuMiP2xOGLduCI7p6gm0k44JjVO8jStSZLSIR1b+bSyXoXvo5PlsTtOWI78UiHG\nrru5zeXMX+gFdmdHlvU//pa9TQIGvhbq+fw5018L7vuQ+PHSnV/5KgHiaL5FgFQS\nn/HZSJN5Kjae+xPYZDRcRITuZgdT41ANpWPU0oVv44B2+OeA8fBfJT4YRg+NCT9q\nLPSX6TLkMiXpfNcl2N3sPvjRW3Y1SIDi7J+4x/sHbOJ2YncNPiJrcvgIt+esS53G\n49cyz0E5oPxAFPB8mL8S8JEd8AVoCdowX8b45fnJNE4/C96HpDOzzlFyz3nMv/gr\n7bTcqQiq1e1VAAABAC+F56Nrbg5fi62l3lNqdozNpPRYq4ZijxpgrO/4GeU50Fix\nZbPLSiZOhVuIMoFoghei7j6KzO5fiByjr/xch0RGtwf0IScYsif/fiITz2A+t5HL\nkQxFtFlaqRloxJhzXWWZydSK/5t4cQiZ2iWhBOooSY9LQBPPlBNF/9rcTF7KID+j\nctbI0irS8f2ZSQWWqMHg5j6xU8UZT/Fwu9gSZYpEA4jDwv1a5nhd39R4YHeUa68l\nkpiDeo6jxjtSTfwnFMLN30F8GMyUZgJm9JyWX+mdlqJM86A6fm/V5Cdn/T9YE4E7\nCGT0jB42ZXqt0S2G/reyzbHb4sCnmbUc63DrVJ0AAAEBAPbf9LnfdvxZQJAUYya0\nSlpCTf6Fs6scDZZhmxUrZMpb8ZOacOE0/6Q+fCUXKfoFnYUzAsF86dQNrGSIE2Pj\nUdBj3OB3846rqpv+HnzX08p+2Wng4lCDY4P4thXHP2XDbCoTlBJRBm+tGEbde3wD\nZ1S/B/3vsYrf93xHtgR9sRuZDt9QGUX8TFxgmLF2BiRGUgsYnpkGju5+V5U5zSBE\n4zHQ/HgrD2/067iFg395KFNje+M8ELR+uZwu5i8FibaNXBtSuxp9Z+iAPQGZWbDT\nzQmpTDCfIvi9V+L+H7UCqu2LTA7DHrJCdi66AvtwdVnEEBV2PPACbFUzkI0R+GBn\n10UAAAEBANpCcPOnmAawPVqt1rys8amyubAiaQZsNnZ//YOmx+t1dTEFigPp1Sdb\nb83uUS2zXNNpO4mjkL3yiv+S0rSAuHcC01d/MVC2RZeKcWSEmmUxIWl2FAR3uYaF\nDX+ebkvn82spT8qJTUb2OvOMUzv6hWw/FvxL1U0p1V80IoGQ2TphCLnqvGv1IV8k\nqvJ5/nBUcWCl30cV+gvpyBYQNvl7wn6CSIWKEbWKIW1uZbVkw3Clw0JVuC/N+wgV\n0PvHh05eF543Msfz8MZZx4GHoXTY4ynAWzyVnWya81hGa3CnZXer40JvIbjOKgjn\n6Xq5iPIt/rRs0XFqoEIBthZ4Y6BuVgMAAAAAAQID\n-----END OPENSSH PRIVATE KEY-----\n",
            "private_key_pem": "-----BEGIN RSA PRIVATE KEY-----\nMIIJKAIBAAKCAgEA0nrJEFN8QdYAWKN0PSt9KMxiphtmKJPVcrmTlwgYU2+mBr2r\nHaWxjVVg+V5cgk3bhkF1DZl+OsPxHrhe9jnNkj1RLLrSFQB8R9tJV8PyYf9n9kju\n96PUe+5NLomaGSEEZZ5tE8+JhaBvZYUq1KzwDEtM9H9rAZi3+KhwhEo9RQm4hch0\nFaQzTskVQe9MqGvUq0F/W7PT0eyBRs+Wx2xD+nJKHZzmSt2vvQjY+UAqQvJlz0XX\ndUUsKAQ3dwiyW/+1ISvtWoLfqG1dCgKH+mXiPrOuc8SOTSTfpEk0YGUjcQZQLNp9\npJXm8ScaKeLDEUBOGQ6EsfRFMJFjTazQboc89hHv6F/jVW0OkGgJh6eYulRBpD5A\nf90nUsSZ1VMp4A1Qow5ZFpNbcQgLBQ9SJltxMKAxKfoKR5pbzolOYz43r1y5h7nN\nw4EODS+NPv/zYzO/WwDkowuKBLsEQL/o4KZOMelyIuQTHF5yfrGKSc62DDB4rEOP\n/Ke2zy0ns+/+bb/R3ZFwZ4X7knSxrKR1lyH0NNAimQIWjEfOXVi5ZLRW2dlNT1Ug\nFPRH/Aq8olpli6WHmLrKepF9eRSirBJj+j3F+biQrYJH/Sslz6s6De91mA4vHsep\ntFe4EdwNU3H7Y840FHF8BfpPFSV/8h7bN/ScLIiPolesSLd9jamRJKMus88CAwEA\nAQKCAgBQRdDZ/6UTrMzMAWbLD4N35F85L5jqH9uXmgweXVF9vMaKqpqQv4k0OFw4\nLtNERPJUxTEhwyj/u4wBpdpduNTckbMcRpHpvZoog4r4xHv0AQcCyHUPEDXxIATi\nm0sgi1WUdfPuyseNpY7mnn+jxeL1JWDPnKrQXJDJbmAfK/srEdaEe1s+h7Wjtg/7\n6gqH7zwYJm4uqKo/1R3GxlQgcXuJkD4RBi5UXjDwfOfXQ6/6gVzvzJisGnoJNvZ6\nWOBBMwg/AvROgTxQjYke0LFQf7vmIvwFHfERnd8HVn35x4jZScmZGakydJMz5LBX\nSisQMMC4UK+t+NXMfJ5tWNvTU5OdKfvW/TQxDK0rjIj9sThi3bgiO6eoJtJOOCY1\nTvI0rUmS0iEdW/m0sl6F76OT5bE7TliO/FIhxq67uc3lzF/oBXZnR5b1P/6WvU0C\nBr4W6vn8OdNfC+77kPjx0p1f+SoB4mi+RYBUEp/x2UiTeSo2nvsT2GQ0XESE7mYH\nU+NQDaVj1NKFb+OAdvjngPHwXyU+GEYPjQk/aiz0l+ky5DIl6XzXJdjd7D740Vt2\nNUiA4uyfuMf7B2zidmJ3DT4ia3L4CLfnrEudxuPXMs9BOaD8QBTwfJi/EvCRHfAF\naAnaMF/G+OX5yTROPwveh6Qzs85Rcs95zL/4K+203KkIqtXtVQKCAQEA9t/0ud92\n/FlAkBRjJrRKWkJN/oWzqxwNlmGbFStkylvxk5pw4TT/pD58JRcp+gWdhTMCwXzp\n1A2sZIgTY+NR0GPc4Hfzjquqm/4efNfTyn7ZaeDiUINjg/i2Fcc/ZcNsKhOUElEG\nb60YRt17fANnVL8H/e+xit/3fEe2BH2xG5kO31AZRfxMXGCYsXYGJEZSCxiemQaO\n7n5XlTnNIETjMdD8eCsPb/TruIWDf3koU2N74zwQtH65nC7mLwWJto1cG1K7Gn1n\n6IA9AZlZsNPNCalMMJ8i+L1X4v4ftQKq7YtMDsMeskJ2LroC+3B1WcQQFXY88AJs\nVTOQjRH4YGfXRQKCAQEA2kJw86eYBrA9Wq3WvKzxqbK5sCJpBmw2dn/9g6bH63V1\nMQWKA+nVJ1tvze5RLbNc02k7iaOQvfKK/5LStIC4dwLTV38xULZFl4pxZISaZTEh\naXYUBHe5hoUNf55uS+fzaylPyolNRvY684xTO/qFbD8W/EvVTSnVXzQigZDZOmEI\nueq8a/UhXySq8nn+cFRxYKXfRxX6C+nIFhA2+XvCfoJIhYoRtYohbW5ltWTDcKXD\nQlW4L837CBXQ+8eHTl4Xnjcyx/PwxlnHgYehdNjjKcBbPJWdbJrzWEZrcKdld6vj\nQm8huM4qCOfpermI8i3+tGzRcWqgQgG2FnhjoG5WAwKCAQBHi7YP3BxOm8sjNlVZ\n1SwrJkYWOkdMko+5gkYAh5fpMWY8gaivC73+qoEt+p2WsOPqw1LMIlhdtSy94dXE\nwA9o1lgf0YOLWGLUXHwXcDEX4VU+4waTkNBZYc3bV+gepNkHBK+H82VrHf4II43y\n7cWXgNlfFYUdmzTNFrdAa/DU77GotDzu1GSI7RGzdGHpR1vljVgBPy5THdhiDeNN\ns8koGcnhRZFuv8tEqaTnX4R5Tj6MJ08sEAHYqprZC8DSX/tOi9ZfofJoJioH+ZpN\nrcQhRagn+yaWccEzrrQfsEs7FoCPUqrlvG8lsZDFr9zCjBihL6gPYpRkyNHeoFOc\nFNwFAoIBAQCI19N90PxOZT1ylz/luAEkxrwJpOl4b2yOS50lZ/I8vL4naDOqVHei\nX3/v+5XGM4jlvDrqBzV/Ao0HxIR7S6FcbNcZKtQ+qKllZBXIUiODgpRSTQgr7OzT\nXKSj+S9qRBmofJRchk1/Sm6XuMmO93mj7sJ4mQs5gBsZv9RKrAimw6P2/Sf6AA1W\nW+UadkaDI06arCUbqrnFsmQTAUOWlHPTYdgacgC8c8iVlfwLCQxImoWcF6aNwnW8\nEgGfevBowDHKrw0VtOqnUi72FZWzbzCuQr5xc9Tp/RTJqg0+6pWBvLGWO5tHBWvx\nfYYzvhQQ06m4cem3VIT6HZyO5hiAw+0FAoIBAC+F56Nrbg5fi62l3lNqdozNpPRY\nq4ZijxpgrO/4GeU50FixZbPLSiZOhVuIMoFoghei7j6KzO5fiByjr/xch0RGtwf0\nIScYsif/fiITz2A+t5HLkQxFtFlaqRloxJhzXWWZydSK/5t4cQiZ2iWhBOooSY9L\nQBPPlBNF/9rcTF7KID+jctbI0irS8f2ZSQWWqMHg5j6xU8UZT/Fwu9gSZYpEA4jD\nwv1a5nhd39R4YHeUa68lkpiDeo6jxjtSTfwnFMLN30F8GMyUZgJm9JyWX+mdlqJM\n86A6fm/V5Cdn/T9YE4E7CGT0jB42ZXqt0S2G/reyzbHb4sCnmbUc63DrVJ0=\n-----END RSA PRIVATE KEY-----\n",
            "private_key_pem_pkcs8": "-----BEGIN PRIVATE KEY-----\nMIIJQgIBADANBgkqhkiG9w0BAQEFAASCCSwwggkoAgEAAoICAQDSeskQU3xB1gBY\no3Q9K30ozGKmG2Yok9VyuZOXCBhTb6YGvasdpbGNVWD5XlyCTduGQXUNmX46w/Ee\nuF72Oc2SPVEsutIVAHxH20lXw/Jh/2f2SO73o9R77k0uiZoZIQRlnm0Tz4mFoG9l\nhSrUrPAMS0z0f2sBmLf4qHCESj1FCbiFyHQVpDNOyRVB70yoa9SrQX9bs9PR7IFG\nz5bHbEP6ckodnOZK3a+9CNj5QCpC8mXPRdd1RSwoBDd3CLJb/7UhK+1agt+obV0K\nAof6ZeI+s65zxI5NJN+kSTRgZSNxBlAs2n2klebxJxop4sMRQE4ZDoSx9EUwkWNN\nrNBuhzz2Ee/oX+NVbQ6QaAmHp5i6VEGkPkB/3SdSxJnVUyngDVCjDlkWk1txCAsF\nD1ImW3EwoDEp+gpHmlvOiU5jPjevXLmHuc3DgQ4NL40+//NjM79bAOSjC4oEuwRA\nv+jgpk4x6XIi5BMcXnJ+sYpJzrYMMHisQ4/8p7bPLSez7/5tv9HdkXBnhfuSdLGs\npHWXIfQ00CKZAhaMR85dWLlktFbZ2U1PVSAU9Ef8CryiWmWLpYeYusp6kX15FKKs\nEmP6PcX5uJCtgkf9KyXPqzoN73WYDi8ex6m0V7gR3A1TcftjzjQUcXwF+k8VJX/y\nHts39JwsiI+iV6xIt32NqZEkoy6zzwIDAQABAoICAFBF0Nn/pROszMwBZssPg3fk\nXzkvmOof25eaDB5dUX28xoqqmpC/iTQ4XDgu00RE8lTFMSHDKP+7jAGl2l241NyR\nsxxGkem9miiDivjEe/QBBwLIdQ8QNfEgBOKbSyCLVZR18+7Kx42ljuaef6PF4vUl\nYM+cqtBckMluYB8r+ysR1oR7Wz6HtaO2D/vqCofvPBgmbi6oqj/VHcbGVCBxe4mQ\nPhEGLlReMPB859dDr/qBXO/MmKwaegk29npY4EEzCD8C9E6BPFCNiR7QsVB/u+Yi\n/AUd8RGd3wdWffnHiNlJyZkZqTJ0kzPksFdKKxAwwLhQr6341cx8nm1Y29NTk50p\n+9b9NDEMrSuMiP2xOGLduCI7p6gm0k44JjVO8jStSZLSIR1b+bSyXoXvo5PlsTtO\nWI78UiHGrru5zeXMX+gFdmdHlvU//pa9TQIGvhbq+fw5018L7vuQ+PHSnV/5KgHi\naL5FgFQSn/HZSJN5Kjae+xPYZDRcRITuZgdT41ANpWPU0oVv44B2+OeA8fBfJT4Y\nRg+NCT9qLPSX6TLkMiXpfNcl2N3sPvjRW3Y1SIDi7J+4x/sHbOJ2YncNPiJrcvgI\nt+esS53G49cyz0E5oPxAFPB8mL8S8JEd8AVoCdowX8b45fnJNE4/C96HpDOzzlFy\nz3nMv/gr7bTcqQiq1e1VAoIBAQD23/S533b8WUCQFGMmtEpaQk3+hbOrHA2WYZsV\nK2TKW/GTmnDhNP+kPnwlFyn6BZ2FMwLBfOnUDaxkiBNj41HQY9zgd/OOq6qb/h58\n19PKftlp4OJQg2OD+LYVxz9lw2wqE5QSUQZvrRhG3Xt8A2dUvwf977GK3/d8R7YE\nfbEbmQ7fUBlF/ExcYJixdgYkRlILGJ6ZBo7ufleVOc0gROMx0Px4Kw9v9Ou4hYN/\neShTY3vjPBC0frmcLuYvBYm2jVwbUrsafWfogD0BmVmw080JqUwwnyL4vVfi/h+1\nAqrti0wOwx6yQnYuugL7cHVZxBAVdjzwAmxVM5CNEfhgZ9dFAoIBAQDaQnDzp5gG\nsD1arda8rPGpsrmwImkGbDZ2f/2DpsfrdXUxBYoD6dUnW2/N7lEts1zTaTuJo5C9\n8or/ktK0gLh3AtNXfzFQtkWXinFkhJplMSFpdhQEd7mGhQ1/nm5L5/NrKU/KiU1G\n9jrzjFM7+oVsPxb8S9VNKdVfNCKBkNk6YQi56rxr9SFfJKryef5wVHFgpd9HFfoL\n6cgWEDb5e8J+gkiFihG1iiFtbmW1ZMNwpcNCVbgvzfsIFdD7x4dOXheeNzLH8/DG\nWceBh6F02OMpwFs8lZ1smvNYRmtwp2V3q+NCbyG4zioI5+l6uYjyLf60bNFxaqBC\nAbYWeGOgblYDAoIBAEeLtg/cHE6byyM2VVnVLCsmRhY6R0ySj7mCRgCHl+kxZjyB\nqK8Lvf6qgS36nZaw4+rDUswiWF21LL3h1cTAD2jWWB/Rg4tYYtRcfBdwMRfhVT7j\nBpOQ0FlhzdtX6B6k2QcEr4fzZWsd/ggjjfLtxZeA2V8VhR2bNM0Wt0Br8NTvsai0\nPO7UZIjtEbN0YelHW+WNWAE/LlMd2GIN402zySgZyeFFkW6/y0SppOdfhHlOPown\nTywQAdiqmtkLwNJf+06L1l+h8mgmKgf5mk2txCFFqCf7JpZxwTOutB+wSzsWgI9S\nquW8byWxkMWv3MKMGKEvqA9ilGTI0d6gU5wU3AUCggEBAIjX033Q/E5lPXKXP+W4\nASTGvAmk6XhvbI5LnSVn8jy8vidoM6pUd6Jff+/7lcYziOW8OuoHNX8CjQfEhHtL\noVxs1xkq1D6oqWVkFchSI4OClFJNCCvs7NNcpKP5L2pEGah8lFyGTX9Kbpe4yY73\neaPuwniZCzmAGxm/1EqsCKbDo/b9J/oADVZb5Rp2RoMjTpqsJRuqucWyZBMBQ5aU\nc9Nh2BpyALxzyJWV/AsJDEiahZwXpo3CdbwSAZ968GjAMcqvDRW06qdSLvYVlbNv\nMK5CvnFz1On9FMmqDT7qlYG8sZY7m0cFa/F9hjO+FBDTqbhx6bdUhPodnI7mGIDD\n7QUCggEAL4Xno2tuDl+LraXeU2p2jM2k9FirhmKPGmCs7/gZ5TnQWLFls8tKJk6F\nW4gygWiCF6LuPorM7l+IHKOv/FyHREa3B/QhJxiyJ/9+IhPPYD63kcuRDEW0WVqp\nGWjEmHNdZZnJ1Ir/m3hxCJnaJaEE6ihJj0tAE8+UE0X/2txMXsogP6Ny1sjSKtLx\n/ZlJBZaoweDmPrFTxRlP8XC72BJlikQDiMPC/VrmeF3f1Hhgd5RrryWSmIN6jqPG\nO1JN/CcUws3fQXwYzJRmAmb0nJZf6Z2WokzzoDp+b9XkJ2f9P1gTgTsIZPSMHjZl\neq3RLYb+t7LNsdviwKeZtRzrcOtUnQ==\n-----END PRIVATE KEY-----\n",
            "public_key_fingerprint_md5": "dd:8b:ee:9e:20:fd:3a:15:62:2c:80:ef:5e:8b:d5:37",
            "public_key_fingerprint_sha256": "SHA256:UpOuja/J6zuMmUURlwMFK+qg+quJb6BFGwhmv846Muo",
            "public_key_openssh": "ssh-rsa AAAAB3NzaC1yc2EAAAADAQABAAACAQDSeskQU3xB1gBYo3Q9K30ozGKmG2Yok9VyuZOXCBhTb6YGvasdpbGNVWD5XlyCTduGQXUNmX46w/EeuF72Oc2SPVEsutIVAHxH20lXw/Jh/2f2SO73o9R77k0uiZoZIQRlnm0Tz4mFoG9lhSrUrPAMS0z0f2sBmLf4qHCESj1FCbiFyHQVpDNOyRVB70yoa9SrQX9bs9PR7IFGz5bHbEP6ckodnOZK3a+9CNj5QCpC8mXPRdd1RSwoBDd3CLJb/7UhK+1agt+obV0KAof6ZeI+s65zxI5NJN+kSTRgZSNxBlAs2n2klebxJxop4sMRQE4ZDoSx9EUwkWNNrNBuhzz2Ee/oX+NVbQ6QaAmHp5i6VEGkPkB/3SdSxJnVUyngDVCjDlkWk1txCAsFD1ImW3EwoDEp+gpHmlvOiU5jPjevXLmHuc3DgQ4NL40+//NjM79bAOSjC4oEuwRAv+jgpk4x6XIi5BMcXnJ+sYpJzrYMMHisQ4/8p7bPLSez7/5tv9HdkXBnhfuSdLGspHWXIfQ00CKZAhaMR85dWLlktFbZ2U1PVSAU9Ef8CryiWmWLpYeYusp6kX15FKKsEmP6PcX5uJCtgkf9KyXPqzoN73WYDi8ex6m0V7gR3A1TcftjzjQUcXwF+k8VJX/yHts39JwsiI+iV6xIt32NqZEkoy6zzw==\n",
            "public_key_pem": "-----BEGIN PUBLIC KEY-----\nMIICIjANBgkqhkiG9w0BAQEFAAOCAg8AMIICCgKCAgEA0nrJEFN8QdYAWKN0PSt9\nKMxiphtmKJPVcrmTlwgYU2+mBr2rHaWxjVVg+V5cgk3bhkF1DZl+OsPxHrhe9jnN\nkj1RLLrSFQB8R9tJV8PyYf9n9kju96PUe+5NLomaGSEEZZ5tE8+JhaBvZYUq1Kzw\nDEtM9H9rAZi3+KhwhEo9RQm4hch0FaQzTskVQe9MqGvUq0F/W7PT0eyBRs+Wx2xD\n+nJKHZzmSt2vvQjY+UAqQvJlz0XXdUUsKAQ3dwiyW/+1ISvtWoLfqG1dCgKH+mXi\nPrOuc8SOTSTfpEk0YGUjcQZQLNp9pJXm8ScaKeLDEUBOGQ6EsfRFMJFjTazQboc8\n9hHv6F/jVW0OkGgJh6eYulRBpD5Af90nUsSZ1VMp4A1Qow5ZFpNbcQgLBQ9SJltx\nMKAxKfoKR5pbzolOYz43r1y5h7nNw4EODS+NPv/zYzO/WwDkowuKBLsEQL/o4KZO\nMelyIuQTHF5yfrGKSc62DDB4rEOP/Ke2zy0ns+/+bb/R3ZFwZ4X7knSxrKR1lyH0\nNNAimQIWjEfOXVi5ZLRW2dlNT1UgFPRH/Aq8olpli6WHmLrKepF9eRSirBJj+j3F\n+biQrYJH/Sslz6s6De91mA4vHseptFe4EdwNU3H7Y840FHF8BfpPFSV/8h7bN/Sc\nLIiPolesSLd9jamRJKMus88CAwEAAQ==\n-----END PUBLIC KEY-----\n",
            "rsa_bits": 4096
          },
          "sensitive_attributes": [
            [
              {
                "type": "get_attr",
                "value": "private_key_openssh"
              }
            ],
            [
              {
                "type": "get_attr",
                "value": "private_key_pem"
              }
            ],
            [
              {
                "type": "get_attr",
                "value": "private_key_pem_pkcs8"
              }
            ]
          ],
          "identity_schema_version": 0
        }
      ]
    }
  ],
  "check_results": null
}
