{
  "version": 4,
  "terraform_version": "1.15.6",
  "serial": 18,
  "lineage": "cd42421a-6ea5-ab55-ced5-8a5f349eaaa8",
  "outputs": {
    "private_instance_private_ip": {
      "value": "10.0.2.246",
      "type": "string"
    },
    "public_instance_private_ip": {
      "value": "10.0.1.226",
      "type": "string"
    },
    "public_instance_public_ip": {
      "value": "63.178.247.255",
      "type": "string"
    },
    "ssh_to_bastion": {
      "value": "ssh -i tf-vpc-demo-key.pem ec2-user@63.178.247.255",
      "type": "string"
    }
  },
  "resources": [
    {
      "mode": "data",
      "type": "aws_ami",
      "name": "al2023",
      "provider": "provider[\"registry.terraform.io/hashicorp/aws\"]",
      "instances": [
        {
          "schema_version": 0,
          "attributes": {
            "architecture": "x86_64",
            "arn": "arn:aws:ec2:eu-central-1::image/ami-01e272f41db78d79b",
            "block_device_mappings": [
              {
                "device_name": "/dev/xvda",
                "ebs": {
                  "delete_on_termination": "true",
                  "encrypted": "false",
                  "iops": "3000",
                  "snapshot_id": "snap-0ed57e9356ad35808",
                  "throughput": "125",
                  "volume_initialization_rate": "0",
                  "volume_size": "8",
                  "volume_type": "gp3"
                },
                "no_device": "",
                "virtual_name": ""
              }
            ],
            "boot_mode": "uefi-preferred",
            "creation_date": "2026-06-11T21:28:23.000Z",
            "deprecation_time": "2026-09-09T23:00:00.000Z",
            "description": "Amazon Linux 2023 AMI 2023.12.20260611.0 x86_64 HVM kernel-6.18",
            "ena_support": true,
            "executable_users": null,
            "filter": [
              {
                "name": "name",
                "values": [
                  "al2023-ami-2023.*-x86_64"
                ]
              },
              {
                "name": "virtualization-type",
                "values": [
                  "hvm"
                ]
              }
            ],
            "hypervisor": "xen",
            "id": "ami-01e272f41db78d79b",
            "image_id": "ami-01e272f41db78d79b",
            "image_location": "amazon/al2023-ami-2023.12.20260611.0-kernel-6.18-x86_64",
            "image_owner_alias": "amazon",
            "image_type": "machine",
            "imds_support": "v2.0",
            "include_deprecated": false,
            "kernel_id": "",
            "last_launched_time": "",
            "most_recent": true,
            "name": "al2023-ami-2023.12.20260611.0-kernel-6.18-x86_64",
            "name_regex": null,
            "owner_id": "137112412989",
            "owners": [
              "amazon"
            ],
            "platform": "",
            "platform_details": "Linux/UNIX",
            "product_codes": [],
            "public": true,
            "ramdisk_id": "",
            "root_device_name": "/dev/xvda",
            "root_device_type": "ebs",
            "root_snapshot_id": "snap-0ed57e9356ad35808",
            "sriov_net_support": "simple",
            "state": "available",
            "state_reason": {
              "code": "UNSET",
              "message": "UNSET"
            },
            "tags": {},
            "timeouts": null,
            "tpm_support": "",
            "uefi_data": null,
            "usage_operation": "RunInstances",
            "virtualization_type": "hvm"
          },
          "sensitive_attributes": [],
          "identity_schema_version": 0
        }
      ]
    },
    {
      "mode": "data",
      "type": "aws_availability_zones",
      "name": "available",
      "provider": "provider[\"registry.terraform.io/hashicorp/aws\"]",
      "instances": [
        {
          "schema_version": 0,
          "attributes": {
            "all_availability_zones": null,
            "exclude_names": null,
            "exclude_zone_ids": null,
            "filter": null,
            "group_names": [
              "eu-central-1-zg-1"
            ],
            "id": "eu-central-1",
            "names": [
              "eu-central-1a",
              "eu-central-1b",
              "eu-central-1c"
            ],
            "state": "available",
            "timeouts": null,
            "zone_ids": [
              "euc1-az2",
              "euc1-az3",
              "euc1-az1"
            ]
          },
          "sensitive_attributes": [],
          "identity_schema_version": 0
        }
      ]
    },
    {
      "mode": "managed",
      "type": "aws_eip",
      "name": "nat",
      "provider": "provider[\"registry.terraform.io/hashicorp/aws\"]",
      "instances": [
        {
          "schema_version": 0,
          "attributes": {
            "address": null,
            "allocation_id": "eipalloc-05a709081449d2204",
            "arn": "arn:aws:ec2:eu-central-1:236553837569:elastic-ip/eipalloc-05a709081449d2204",
            "associate_with_private_ip": null,
            "association_id": "",
            "carrier_ip": "",
            "customer_owned_ip": "",
            "customer_owned_ipv4_pool": "",
            "domain": "vpc",
            "id": "eipalloc-05a709081449d2204",
            "instance": "",
            "ipam_pool_id": null,
            "network_border_group": "eu-central-1",
            "network_interface": "",
            "private_dns": null,
            "private_ip": "",
            "ptr_record": "",
            "public_dns": "ec2-18-184-46-137.eu-central-1.compute.amazonaws.com",
            "public_ip": "18.184.46.137",
            "public_ipv4_pool": "amazon",
            "tags": {
              "Name": "tf-vpc-demo-nat-eip"
            },
            "tags_all": {
              "Name": "tf-vpc-demo-nat-eip"
            },
            "timeouts": null,
            "vpc": true
          },
          "sensitive_attributes": [],
          "identity_schema_version": 0,
          "private": "eyJlMmJmYjczMC1lY2FhLTExZTYtOGY4OC0zNDM2M2JjN2M0YzAiOnsiZGVsZXRlIjoxODAwMDAwMDAwMDAsInJlYWQiOjkwMDAwMDAwMDAwMCwidXBkYXRlIjozMDAwMDAwMDAwMDB9fQ=="
        }
      ]
    },
    {
      "mode": "managed",
      "type": "aws_instance",
      "name": "private",
      "provider": "provider[\"registry.terraform.io/hashicorp/aws\"]",
      "instances": [
        {
          "schema_version": 1,
          "attributes": {
            "ami": "ami-01e272f41db78d79b",
            "arn": "arn:aws:ec2:eu-central-1:236553837569:instance/i-06e622f6359fe59a3",
            "associate_public_ip_address": false,
            "availability_zone": "eu-central-1a",
            "capacity_reservation_specification": [
              {
                "capacity_reservation_preference": "open",
                "capacity_reservation_target": []
              }
            ],
            "cpu_core_count": 1,
            "cpu_options": [
              {
                "amd_sev_snp": "",
                "core_count": 1,
                "threads_per_core": 2
              }
            ],
            "cpu_threads_per_core": 2,
            "credit_specification": [
              {
                "cpu_credits": "unlimited"
              }
            ],
            "disable_api_stop": false,
            "disable_api_termination": false,
            "ebs_block_device": [],
            "ebs_optimized": false,
            "enable_primary_ipv6": null,
            "enclave_options": [
              {
                "enabled": false
              }
            ],
            "ephemeral_block_device": [],
            "get_password_data": false,
            "hibernation": false,
            "host_id": "",
            "host_resource_group_arn": null,
            "iam_instance_profile": "",
            "id": "i-06e622f6359fe59a3",
            "instance_initiated_shutdown_behavior": "stop",
            "instance_lifecycle": "",
            "instance_market_options": [],
            "instance_state": "running",
            "instance_type": "t3.micro",
            "ipv6_address_count": 0,
            "ipv6_addresses": [],
            "key_name": "tf-vpc-demo-key",
            "launch_template": [],
            "maintenance_options": [
              {
                "auto_recovery": "default"
              }
            ],
            "metadata_options": [
              {
                "http_endpoint": "enabled",
                "http_protocol_ipv6": "disabled",
                "http_put_response_hop_limit": 2,
                "http_tokens": "required",
                "instance_metadata_tags": "disabled"
              }
            ],
            "monitoring": false,
            "network_interface": [],
            "outpost_arn": "",
            "password_data": "",
            "placement_group": "",
            "placement_partition_number": 0,
            "primary_network_interface_id": "eni-070ba3147f9887e47",
            "private_dns": "ip-10-0-2-246.eu-central-1.compute.internal",
            "private_dns_name_options": [
              {
                "enable_resource_name_dns_a_record": false,
                "enable_resource_name_dns_aaaa_record": false,
                "hostname_type": "ip-name"
              }
            ],
            "private_ip": "10.0.2.246",
            "public_dns": "",
            "public_ip": "",
            "root_block_device": [
              {
                "delete_on_termination": true,
                "device_name": "/dev/xvda",
                "encrypted": false,
                "iops": 3000,
                "kms_key_id": "",
                "tags": {},
                "tags_all": {},
                "throughput": 125,
                "volume_id": "vol-0e2bff8ddf229fbc1",
                "volume_size": 8,
                "volume_type": "gp3"
              }
            ],
            "secondary_private_ips": [],
            "security_groups": [],
            "source_dest_check": true,
            "spot_instance_request_id": "",
            "subnet_id": "subnet-0a9fae1cdab40cdf9",
            "tags": {
              "Name": "tf-vpc-demo-private-ec2"
            },
            "tags_all": {
              "Name": "tf-vpc-demo-private-ec2"
            },
            "tenancy": "default",
            "timeouts": null,
            "user_data": null,
            "user_data_base64": null,
            "user_data_replace_on_change": false,
            "volume_tags": null,
            "vpc_security_group_ids": [
              "sg-052f8f57ec60c60bd"
            ]
          },
          "sensitive_attributes": [],
          "identity_schema_version": 0,
          "private": "eyJlMmJmYjczMC1lY2FhLTExZTYtOGY4OC0zNDM2M2JjN2M0YzAiOnsiY3JlYXRlIjo2MDAwMDAwMDAwMDAsImRlbGV0ZSI6MTIwMDAwMDAwMDAwMCwicmVhZCI6OTAwMDAwMDAwMDAwLCJ1cGRhdGUiOjYwMDAwMDAwMDAwMH0sInNjaGVtYV92ZXJzaW9uIjoiMSJ9",
          "dependencies": [
            "aws_key_pair.ssh",
            "aws_security_group.private",
            "aws_security_group.public",
            "aws_subnet.private",
            "aws_vpc.main",
            "data.aws_ami.al2023",
            "data.aws_availability_zones.available",
            "tls_private_key.ssh"
          ]
        }
      ]
    },
    {
      "mode": "managed",
      "type": "aws_instance",
      "name": "public",
      "provider": "provider[\"registry.terraform.io/hashicorp/aws\"]",
      "instances": [
        {
          "schema_version": 1,
          "attributes": {
            "ami": "ami-01e272f41db78d79b",
            "arn": "arn:aws:ec2:eu-central-1:236553837569:instance/i-0c22cd51bc234ddfc",
            "associate_public_ip_address": true,
            "availability_zone": "eu-central-1a",
            "capacity_reservation_specification": [
              {
                "capacity_reservation_preference": "open",
                "capacity_reservation_target": []
              }
            ],
            "cpu_core_count": 1,
            "cpu_options": [
              {
                "amd_sev_snp": "",
                "core_count": 1,
                "threads_per_core": 2
              }
            ],
            "cpu_threads_per_core": 2,
            "credit_specification": [
              {
                "cpu_credits": "unlimited"
              }
            ],
            "disable_api_stop": false,
            "disable_api_termination": false,
            "ebs_block_device": [],
            "ebs_optimized": false,
            "enable_primary_ipv6": null,
            "enclave_options": [
              {
                "enabled": false
              }
            ],
            "ephemeral_block_device": [],
            "get_password_data": false,
            "hibernation": false,
            "host_id": "",
            "host_resource_group_arn": null,
            "iam_instance_profile": "",
            "id": "i-0c22cd51bc234ddfc",
            "instance_initiated_shutdown_behavior": "stop",
            "instance_lifecycle": "",
            "instance_market_options": [],
            "instance_state": "running",
            "instance_type": "t3.micro",
            "ipv6_address_count": 0,
            "ipv6_addresses": [],
            "key_name": "tf-vpc-demo-key",
            "launch_template": [],
            "maintenance_options": [
              {
                "auto_recovery": "default"
              }
            ],
            "metadata_options": [
              {
                "http_endpoint": "enabled",
                "http_protocol_ipv6": "disabled",
                "http_put_response_hop_limit": 2,
                "http_tokens": "required",
                "instance_metadata_tags": "disabled"
              }
            ],
            "monitoring": false,
            "network_interface": [],
            "outpost_arn": "",
            "password_data": "",
            "placement_group": "",
            "placement_partition_number": 0,
            "primary_network_interface_id": "eni-03680d14686b25dc8",
            "private_dns": "ip-10-0-1-226.eu-central-1.compute.internal",
            "private_dns_name_options": [
              {
                "enable_resource_name_dns_a_record": false,
                "enable_resource_name_dns_aaaa_record": false,
                "hostname_type": "ip-name"
              }
            ],
            "private_ip": "10.0.1.226",
            "public_dns": "ec2-63-178-247-255.eu-central-1.compute.amazonaws.com",
            "public_ip": "63.178.247.255",
            "root_block_device": [
              {
                "delete_on_termination": true,
                "device_name": "/dev/xvda",
                "encrypted": false,
                "iops": 3000,
                "kms_key_id": "",
                "tags": {},
                "tags_all": {},
                "throughput": 125,
                "volume_id": "vol-045b166a88f84e5db",
                "volume_size": 8,
                "volume_type": "gp3"
              }
            ],
            "secondary_private_ips": [],
            "security_groups": [],
            "source_dest_check": true,
            "spot_instance_request_id": "",
            "subnet_id": "subnet-043465cf4f7d5948c",
            "tags": {
              "Name": "tf-vpc-demo-public-ec2"
            },
            "tags_all": {
              "Name": "tf-vpc-demo-public-ec2"
            },
            "tenancy": "default",
            "timeouts": null,
            "user_data": null,
            "user_data_base64": null,
            "user_data_replace_on_change": false,
            "volume_tags": null,
            "vpc_security_group_ids": [
              "sg-07bdd2518a70d9db5"
            ]
          },
          "sensitive_attributes": [],
          "identity_schema_version": 0,
          "private": "eyJlMmJmYjczMC1lY2FhLTExZTYtOGY4OC0zNDM2M2JjN2M0YzAiOnsiY3JlYXRlIjo2MDAwMDAwMDAwMDAsImRlbGV0ZSI6MTIwMDAwMDAwMDAwMCwicmVhZCI6OTAwMDAwMDAwMDAwLCJ1cGRhdGUiOjYwMDAwMDAwMDAwMH0sInNjaGVtYV92ZXJzaW9uIjoiMSJ9",
          "dependencies": [
            "aws_key_pair.ssh",
            "aws_security_group.public",
            "aws_subnet.public",
            "aws_vpc.main",
            "data.aws_ami.al2023",
            "data.aws_availability_zones.available",
            "tls_private_key.ssh"
          ]
        }
      ]
    },
    {
      "mode": "managed",
      "type": "aws_internet_gateway",
      "name": "igw",
      "provider": "provider[\"registry.terraform.io/hashicorp/aws\"]",
      "instances": [
        {
          "schema_version": 0,
          "attributes": {
            "arn": "arn:aws:ec2:eu-central-1:236553837569:internet-gateway/igw-0937c7fcbf67ec57d",
            "id": "igw-0937c7fcbf67ec57d",
            "owner_id": "236553837569",
            "tags": {
              "Name": "tf-vpc-demo-igw"
            },
            "tags_all": {
              "Name": "tf-vpc-demo-igw"
            },
            "timeouts": null,
            "vpc_id": "vpc-0bf7dd32cbc7d089b"
          },
          "sensitive_attributes": [],
          "identity_schema_version": 0,
          "private": "eyJlMmJmYjczMC1lY2FhLTExZTYtOGY4OC0zNDM2M2JjN2M0YzAiOnsiY3JlYXRlIjoxMjAwMDAwMDAwMDAwLCJkZWxldGUiOjEyMDAwMDAwMDAwMDAsInVwZGF0ZSI6MTIwMDAwMDAwMDAwMH19",
          "dependencies": [
            "aws_vpc.main"
          ]
        }
      ]
    },
    {
      "mode": "managed",
      "type": "aws_key_pair",
      "name": "ssh",
      "provider": "provider[\"registry.terraform.io/hashicorp/aws\"]",
      "instances": [
        {
          "schema_version": 1,
          "attributes": {
            "arn": "arn:aws:ec2:eu-central-1:236553837569:key-pair/tf-vpc-demo-key",
            "fingerprint": "ef:06:7f:b9:34:21:10:64:c7:68:c2:2e:1f:51:11:e1",
            "id": "tf-vpc-demo-key",
            "key_name": "tf-vpc-demo-key",
            "key_name_prefix": "",
            "key_pair_id": "key-015c7147e45c1d4dc",
            "key_type": "rsa",
            "public_key": "ssh-rsa AAAAB3NzaC1yc2EAAAADAQABAAACAQC6C/Ekyh2J3mCc/tjwf+snRuTdkp5cOy48rNBr85tNoG0Nih8ZfbfEOcOLNtRI0hF/x0uLeQqg8hi1rLSZkbKOWS3UwGNAcW15Gt0jw8ABsw+JH3Duts4Is4vUazDsZpi0FsW61pxsLFNhqCRFruLzbzUqdwwPvXy2/C07StvAiRCMheNei5LQQpLwr0CS9KLg8laEtgSpEMT4ZHCO98AUY8lkvuhAcA5N7zqPHbl5bEaTSKOxTPXIRs1/V5cCUwmtVynKWphZBYpCov2o2HsiDJcZfG+OGbgaMpKNo9IhU4jywssLRjDqn+EDiCwBWYwVinZZzscfTU60tV8B3BR8/YoV660duUdM4ChB8uWY88fYkSc5DVD3HnQ2yl8mN+vHPlt0qNtOaPlUgqGus5PCZDkgvLhxUhvSQPHzD5SP5Cqxa+b9tfxMo6WmJ3abyrRtHFPyqJUd/r3fz6IbcEXOayr5PmShsBquaAaCA0WV06M9/xGOS0HZSU+dMb8QE5eqbaULWarJJunZtBPMs0qytQHu9Bl/aO+D0zBRSjATvaEf9EftERCUnni8TSezBbOQcE79I0QGzkathFkAE6Y612/INjtVx+yYCwuiGTDNqGg1Vd94Ma4qeOJqqmG6pHYb8KC2EymVVb+heTFckhXMoN9pDjNK4P6RwVtdVwCyYw==",
            "tags": null,
            "tags_all": {}
          },
          "sensitive_attributes": [],
          "identity_schema_version": 0,
          "private": "eyJzY2hlbWFfdmVyc2lvbiI6IjEifQ==",
          "dependencies": [
            "tls_private_key.ssh"
          ]
        }
      ]
    },
    {
      "mode": "managed",
      "type": "aws_nat_gateway",
      "name": "nat",
      "provider": "provider[\"registry.terraform.io/hashicorp/aws\"]",
      "instances": [
        {
          "schema_version": 0,
          "attributes": {
            "allocation_id": "eipalloc-05a709081449d2204",
            "association_id": "eipassoc-0afae970f05435c49",
            "connectivity_type": "public",
            "id": "nat-092179593c7cfd800",
            "network_interface_id": "eni-00913a0f781a4f9d5",
            "private_ip": "10.0.1.141",
            "public_ip": "18.184.46.137",
            "secondary_allocation_ids": null,
            "secondary_private_ip_address_count": 0,
            "secondary_private_ip_addresses": [],
            "subnet_id": "subnet-043465cf4f7d5948c",
            "tags": {
              "Name": "tf-vpc-demo-nat"
            },
            "tags_all": {
              "Name": "tf-vpc-demo-nat"
            },
            "timeouts": null
          },
          "sensitive_attributes": [],
          "identity_schema_version": 0,
          "private": "eyJlMmJmYjczMC1lY2FhLTExZTYtOGY4OC0zNDM2M2JjN2M0YzAiOnsiY3JlYXRlIjo2MDAwMDAwMDAwMDAsImRlbGV0ZSI6MTgwMDAwMDAwMDAwMCwidXBkYXRlIjo2MDAwMDAwMDAwMDB9fQ==",
          "dependencies": [
            "aws_eip.nat",
            "aws_internet_gateway.igw",
            "aws_subnet.public",
            "aws_vpc.main",
            "data.aws_availability_zones.available"
          ]
        }
      ]
    },
    {
      "mode": "managed",
      "type": "aws_route_table",
      "name": "private",
      "provider": "provider[\"registry.terraform.io/hashicorp/aws\"]",
      "instances": [
        {
          "schema_version": 0,
          "attributes": {
            "arn": "arn:aws:ec2:eu-central-1:236553837569:route-table/rtb-0cce34f70c52ae4f5",
            "id": "rtb-0cce34f70c52ae4f5",
            "owner_id": "236553837569",
            "propagating_vgws": [],
            "route": [
              {
                "carrier_gateway_id": "",
                "cidr_block": "0.0.0.0/0",
                "core_network_arn": "",
                "destination_prefix_list_id": "",
                "egress_only_gateway_id": "",
                "gateway_id": "",
                "ipv6_cidr_block": "",
                "local_gateway_id": "",
                "nat_gateway_id": "nat-092179593c7cfd800",
                "network_interface_id": "",
                "transit_gateway_id": "",
                "vpc_endpoint_id": "",
                "vpc_peering_connection_id": ""
              }
            ],
            "tags": {
              "Name": "tf-vpc-demo-private-rt"
            },
            "tags_all": {
              "Name": "tf-vpc-demo-private-rt"
            },
            "timeouts": null,
            "vpc_id": "vpc-0bf7dd32cbc7d089b"
          },
          "sensitive_attributes": [],
          "identity_schema_version": 0,
          "private": "eyJlMmJmYjczMC1lY2FhLTExZTYtOGY4OC0zNDM2M2JjN2M0YzAiOnsiY3JlYXRlIjozMDAwMDAwMDAwMDAsImRlbGV0ZSI6MzAwMDAwMDAwMDAwLCJ1cGRhdGUiOjEyMDAwMDAwMDAwMH19",
          "dependencies": [
            "aws_eip.nat",
            "aws_internet_gateway.igw",
            "aws_nat_gateway.nat",
            "aws_subnet.public",
            "aws_vpc.main",
            "data.aws_availability_zones.available"
          ]
        }
      ]
    },
    {
      "mode": "managed",
      "type": "aws_route_table",
      "name": "public",
      "provider": "provider[\"registry.terraform.io/hashicorp/aws\"]",
      "instances": [
        {
          "schema_version": 0,
          "attributes": {
            "arn": "arn:aws:ec2:eu-central-1:236553837569:route-table/rtb-09f285add646e641f",
            "id": "rtb-09f285add646e641f",
            "owner_id": "236553837569",
            "propagating_vgws": [],
            "route": [
              {
                "carrier_gateway_id": "",
                "cidr_block": "0.0.0.0/0",
                "core_network_arn": "",
                "destination_prefix_list_id": "",
                "egress_only_gateway_id": "",
                "gateway_id": "igw-0937c7fcbf67ec57d",
                "ipv6_cidr_block": "",
                "local_gateway_id": "",
                "nat_gateway_id": "",
                "network_interface_id": "",
                "transit_gateway_id": "",
                "vpc_endpoint_id": "",
                "vpc_peering_connection_id": ""
              }
            ],
            "tags": {
              "Name": "tf-vpc-demo-public-rt"
            },
            "tags_all": {
              "Name": "tf-vpc-demo-public-rt"
            },
            "timeouts": null,
            "vpc_id": "vpc-0bf7dd32cbc7d089b"
          },
          "sensitive_attributes": [],
          "identity_schema_version": 0,
          "private": "eyJlMmJmYjczMC1lY2FhLTExZTYtOGY4OC0zNDM2M2JjN2M0YzAiOnsiY3JlYXRlIjozMDAwMDAwMDAwMDAsImRlbGV0ZSI6MzAwMDAwMDAwMDAwLCJ1cGRhdGUiOjEyMDAwMDAwMDAwMH19",
          "dependencies": [
            "aws_internet_gateway.igw",
            "aws_vpc.main"
          ]
        }
      ]
    },
    {
      "mode": "managed",
      "type": "aws_route_table_association",
      "name": "private",
      "provider": "provider[\"registry.terraform.io/hashicorp/aws\"]",
      "instances": [
        {
          "schema_version": 0,
          "attributes": {
            "gateway_id": "",
            "id": "rtbassoc-05389abfc56951ece",
            "route_table_id": "rtb-0cce34f70c52ae4f5",
            "subnet_id": "subnet-0a9fae1cdab40cdf9",
            "timeouts": null
          },
          "sensitive_attributes": [],
          "identity_schema_version": 0,
          "private": "eyJlMmJmYjczMC1lY2FhLTExZTYtOGY4OC0zNDM2M2JjN2M0YzAiOnsiY3JlYXRlIjozMDAwMDAwMDAwMDAsImRlbGV0ZSI6MzAwMDAwMDAwMDAwLCJ1cGRhdGUiOjEyMDAwMDAwMDAwMH19",
          "dependencies": [
            "aws_eip.nat",
            "aws_internet_gateway.igw",
            "aws_nat_gateway.nat",
            "aws_route_table.private",
            "aws_subnet.private",
            "aws_subnet.public",
            "aws_vpc.main",
            "data.aws_availability_zones.available"
          ]
        }
      ]
    },
    {
      "mode": "managed",
      "type": "aws_route_table_association",
      "name": "public",
      "provider": "provider[\"registry.terraform.io/hashicorp/aws\"]",
      "instances": [
        {
          "schema_version": 0,
          "attributes": {
            "gateway_id": "",
            "id": "rtbassoc-082adfa8623855327",
            "route_table_id": "rtb-09f285add646e641f",
            "subnet_id": "subnet-043465cf4f7d5948c",
            "timeouts": null
          },
          "sensitive_attributes": [],
          "identity_schema_version": 0,
          "private": "eyJlMmJmYjczMC1lY2FhLTExZTYtOGY4OC0zNDM2M2JjN2M0YzAiOnsiY3JlYXRlIjozMDAwMDAwMDAwMDAsImRlbGV0ZSI6MzAwMDAwMDAwMDAwLCJ1cGRhdGUiOjEyMDAwMDAwMDAwMH19",
          "dependencies": [
            "aws_internet_gateway.igw",
            "aws_route_table.public",
            "aws_subnet.public",
            "aws_vpc.main",
            "data.aws_availability_zones.available"
          ]
        }
      ]
    },
    {
      "mode": "managed",
      "type": "aws_security_group",
      "name": "private",
      "provider": "provider[\"registry.terraform.io/hashicorp/aws\"]",
      "instances": [
        {
          "schema_version": 1,
          "attributes": {
            "arn": "arn:aws:ec2:eu-central-1:236553837569:security-group/sg-052f8f57ec60c60bd",
            "description": "All outbound (for ping via NAT)",
            "egress": [
              {
                "cidr_blocks": [
                  "0.0.0.0/0"
                ],
                "description": "All outbound (for ping via NAT)",
                "from_port": 0,
                "ipv6_cidr_blocks": [],
                "prefix_list_ids": [],
                "protocol": "-1",
                "security_groups": [],
                "self": false,
                "to_port": 0
              }
            ],
            "id": "sg-052f8f57ec60c60bd",
            "ingress": [
              {
                "cidr_blocks": [],
                "description": "ICMP (ping) from the bastion",
                "from_port": -1,
                "ipv6_cidr_blocks": [],
                "prefix_list_ids": [],
                "protocol": "icmp",
                "security_groups": [
                  "sg-07bdd2518a70d9db5"
                ],
                "self": false,
                "to_port": -1
              },
              {
                "cidr_blocks": [],
                "description": "SSH only from the bastion",
                "from_port": 22,
                "ipv6_cidr_blocks": [],
                "prefix_list_ids": [],
                "protocol": "tcp",
                "security_groups": [
                  "sg-07bdd2518a70d9db5"
                ],
                "self": false,
                "to_port": 22
              }
            ],
            "name": "tf-vpc-demo-private-sg",
            "name_prefix": "",
            "owner_id": "236553837569",
            "revoke_rules_on_delete": false,
            "tags": {
              "Name": "tf-vpc-demo-private-sg"
            },
            "tags_all": {
              "Name": "tf-vpc-demo-private-sg"
            },
            "timeouts": null,
            "vpc_id": "vpc-0bf7dd32cbc7d089b"
          },
          "sensitive_attributes": [],
          "identity_schema_version": 0,
          "private": "eyJlMmJmYjczMC1lY2FhLTExZTYtOGY4OC0zNDM2M2JjN2M0YzAiOnsiY3JlYXRlIjo2MDAwMDAwMDAwMDAsImRlbGV0ZSI6OTAwMDAwMDAwMDAwfSwic2NoZW1hX3ZlcnNpb24iOiIxIn0=",
          "dependencies": [
            "aws_security_group.public",
            "aws_vpc.main"
          ]
        }
      ]
    },
    {
      "mode": "managed",
      "type": "aws_security_group",
      "name": "public",
      "provider": "provider[\"registry.terraform.io/hashicorp/aws\"]",
      "instances": [
        {
          "schema_version": 1,
          "attributes": {
            "arn": "arn:aws:ec2:eu-central-1:236553837569:security-group/sg-07bdd2518a70d9db5",
            "description": "SSH from my IP, all outbound",
            "egress": [
              {
                "cidr_blocks": [
                  "0.0.0.0/0"
                ],
                "description": "All outbound",
                "from_port": 0,
                "ipv6_cidr_blocks": [],
                "prefix_list_ids": [],
                "protocol": "-1",
                "security_groups": [],
                "self": false,
                "to_port": 0
              }
            ],
            "id": "sg-07bdd2518a70d9db5",
            "ingress": [
              {
                "cidr_blocks": [
                  "81.210.67.229/32"
                ],
                "description": "SSH from my IP",
                "from_port": 22,
                "ipv6_cidr_blocks": [],
                "prefix_list_ids": [],
                "protocol": "tcp",
                "security_groups": [],
                "self": false,
                "to_port": 22
              }
            ],
            "name": "tf-vpc-demo-public-sg",
            "name_prefix": "",
            "owner_id": "236553837569",
            "revoke_rules_on_delete": false,
            "tags": {
              "Name": "tf-vpc-demo-public-sg"
            },
            "tags_all": {
              "Name": "tf-vpc-demo-public-sg"
            },
            "timeouts": null,
            "vpc_id": "vpc-0bf7dd32cbc7d089b"
          },
          "sensitive_attributes": [],
          "identity_schema_version": 0,
          "private": "eyJlMmJmYjczMC1lY2FhLTExZTYtOGY4OC0zNDM2M2JjN2M0YzAiOnsiY3JlYXRlIjo2MDAwMDAwMDAwMDAsImRlbGV0ZSI6OTAwMDAwMDAwMDAwfSwic2NoZW1hX3ZlcnNpb24iOiIxIn0=",
          "dependencies": [
            "aws_vpc.main"
          ]
        }
      ]
    },
    {
      "mode": "managed",
      "type": "aws_subnet",
      "name": "private",
      "provider": "provider[\"registry.terraform.io/hashicorp/aws\"]",
      "instances": [
        {
          "schema_version": 1,
          "attributes": {
            "arn": "arn:aws:ec2:eu-central-1:236553837569:subnet/subnet-0a9fae1cdab40cdf9",
            "assign_ipv6_address_on_creation": false,
            "availability_zone": "eu-central-1a",
            "availability_zone_id": "euc1-az2",
            "cidr_block": "10.0.2.0/24",
            "customer_owned_ipv4_pool": "",
            "enable_dns64": false,
            "enable_lni_at_device_index": 0,
            "enable_resource_name_dns_a_record_on_launch": false,
            "enable_resource_name_dns_aaaa_record_on_launch": false,
            "id": "subnet-0a9fae1cdab40cdf9",
            "ipv6_cidr_block": "",
            "ipv6_cidr_block_association_id": "",
            "ipv6_native": false,
            "map_customer_owned_ip_on_launch": false,
            "map_public_ip_on_launch": false,
            "outpost_arn": "",
            "owner_id": "236553837569",
            "private_dns_hostname_type_on_launch": "ip-name",
            "tags": {
              "Name": "tf-vpc-demo-private-subnet"
            },
            "tags_all": {
              "Name": "tf-vpc-demo-private-subnet"
            },
            "timeouts": null,
            "vpc_id": "vpc-0bf7dd32cbc7d089b"
          },
          "sensitive_attributes": [],
          "identity_schema_version": 0,
          "private": "eyJlMmJmYjczMC1lY2FhLTExZTYtOGY4OC0zNDM2M2JjN2M0YzAiOnsiY3JlYXRlIjo2MDAwMDAwMDAwMDAsImRlbGV0ZSI6MTIwMDAwMDAwMDAwMH0sInNjaGVtYV92ZXJzaW9uIjoiMSJ9",
          "dependencies": [
            "aws_vpc.main",
            "data.aws_availability_zones.available"
          ]
        }
      ]
    },
    {
      "mode": "managed",
      "type": "aws_subnet",
      "name": "public",
      "provider": "provider[\"registry.terraform.io/hashicorp/aws\"]",
      "instances": [
        {
          "schema_version": 1,
          "attributes": {
            "arn": "arn:aws:ec2:eu-central-1:236553837569:subnet/subnet-043465cf4f7d5948c",
            "assign_ipv6_address_on_creation": false,
            "availability_zone": "eu-central-1a",
            "availability_zone_id": "euc1-az2",
            "cidr_block": "10.0.1.0/24",
            "customer_owned_ipv4_pool": "",
            "enable_dns64": false,
            "enable_lni_at_device_index": 0,
            "enable_resource_name_dns_a_record_on_launch": false,
            "enable_resource_name_dns_aaaa_record_on_launch": false,
            "id": "subnet-043465cf4f7d5948c",
            "ipv6_cidr_block": "",
            "ipv6_cidr_block_association_id": "",
            "ipv6_native": false,
            "map_customer_owned_ip_on_launch": false,
            "map_public_ip_on_launch": true,
            "outpost_arn": "",
            "owner_id": "236553837569",
            "private_dns_hostname_type_on_launch": "ip-name",
            "tags": {
              "Name": "tf-vpc-demo-public-subnet"
            },
            "tags_all": {
              "Name": "tf-vpc-demo-public-subnet"
            },
            "timeouts": null,
            "vpc_id": "vpc-0bf7dd32cbc7d089b"
          },
          "sensitive_attributes": [],
          "identity_schema_version": 0,
          "private": "eyJlMmJmYjczMC1lY2FhLTExZTYtOGY4OC0zNDM2M2JjN2M0YzAiOnsiY3JlYXRlIjo2MDAwMDAwMDAwMDAsImRlbGV0ZSI6MTIwMDAwMDAwMDAwMH0sInNjaGVtYV92ZXJzaW9uIjoiMSJ9",
          "dependencies": [
            "aws_vpc.main",
            "data.aws_availability_zones.available"
          ]
        }
      ]
    },
    {
      "mode": "managed",
      "type": "aws_vpc",
      "name": "main",
      "provider": "provider[\"registry.terraform.io/hashicorp/aws\"]",
      "instances": [
        {
          "schema_version": 1,
          "attributes": {
            "arn": "arn:aws:ec2:eu-central-1:236553837569:vpc/vpc-0bf7dd32cbc7d089b",
            "assign_generated_ipv6_cidr_block": false,
            "cidr_block": "10.0.0.0/16",
            "default_network_acl_id": "acl-021128ea1687c522c",
            "default_route_table_id": "rtb-01292128defc4c0e4",
            "default_security_group_id": "sg-0914490aa09742bb0",
            "dhcp_options_id": "dopt-0701df63f64c29dd3",
            "enable_dns_hostnames": true,
            "enable_dns_support": true,
            "enable_network_address_usage_metrics": false,
            "id": "vpc-0bf7dd32cbc7d089b",
            "instance_tenancy": "default",
            "ipv4_ipam_pool_id": null,
            "ipv4_netmask_length": null,
            "ipv6_association_id": "",
            "ipv6_cidr_block": "",
            "ipv6_cidr_block_network_border_group": "",
            "ipv6_ipam_pool_id": "",
            "ipv6_netmask_length": 0,
            "main_route_table_id": "rtb-01292128defc4c0e4",
            "owner_id": "236553837569",
            "tags": {
              "Name": "tf-vpc-demo-vpc"
            },
            "tags_all": {
              "Name": "tf-vpc-demo-vpc"
            }
          },
          "sensitive_attributes": [],
          "identity_schema_version": 0,
          "private": "eyJzY2hlbWFfdmVyc2lvbiI6IjEifQ=="
        }
      ]
    },
    {
      "mode": "managed",
      "type": "local_file",
      "name": "private_key",
      "provider": "provider[\"registry.terraform.io/hashicorp/local\"]",
      "instances": [
        {
          "schema_version": 0,
          "attributes": {
            "content": "-----BEGIN RSA PRIVATE KEY-----\nMIIJJwIBAAKCAgEAugvxJModid5gnP7Y8H/rJ0bk3ZKeXDsuPKzQa/ObTaBtDYof\nGX23xDnDizbUSNIRf8dLi3kKoPIYtay0mZGyjlkt1MBjQHFteRrdI8PAAbMPiR9w\n7rbOCLOL1Gsw7GaYtBbFutacbCxTYagkRa7i8281KncMD718tvwtO0rbwIkQjIXj\nXouS0EKS8K9AkvSi4PJWhLYEqRDE+GRwjvfAFGPJZL7oQHAOTe86jx25eWxGk0ij\nsUz1yEbNf1eXAlMJrVcpylqYWQWKQqL9qNh7IgyXGXxvjhm4GjKSjaPSIVOI8sLL\nC0Yw6p/hA4gsAVmMFYp2Wc7HH01OtLVfAdwUfP2KFeutHblHTOAoQfLlmPPH2JEn\nOQ1Q9x50NspfJjfrxz5bdKjbTmj5VIKhrrOTwmQ5ILy4cVIb0kDx8w+Uj+QqsWvm\n/bX8TKOlpid2m8q0bRxT8qiVHf6938+iG3BFzmsq+T5kobAarmgGggNFldOjPf8R\njktB2UlPnTG/EBOXqm2lC1mqySbp2bQTzLNKsrUB7vQZf2jvg9MwUUowE72hH/RH\n7REQlJ54vE0nswWzkHBO/SNEBs5GrYRZABOmOtdvyDY7VcfsmAsLohkwzahoNVXf\neDGuKnjiaqphuqR2G/CgthMplVW/oXkxXJIVzKDfaQ4zSuD+kcFbXVcAsmMCAwEA\nAQKCAgA+PaKGAUwShJ/jxeqDwvfDoxcL/XIXPwE/8Tyk8NGjDamOHwg6efGRpxWB\nLG2mkwihq+XdGjhxEa0skkO1IKYQs0r+4wIRXCEYo+EZhvJkXygyYp9gbS3OgWql\nPNsYK1ao4PlzgTrBga6/fAXufgyVDj5GH5+cYHMpsIHdVTThW7l6mYwwZBdQrwUD\nmk3LHCalhM1nBpHWkbKjus5hNgc/iwakOq3uaM6QShlYKcSUF6IgwetpdGrBftZe\n5MmzUF5rbD6h4N8Y4R6ZHngoFYxUHswqDZQwgPAza3nWAtlYpt6pAHv3IJta0vPv\nP44hQXj49+KSNvgsw6syD39iWuNLPniH7dyPR3DJRDJUsj4uuO16NwD8eBCU6qrv\neQ+U7L3gE9jMguY/yLFIqR+AtOqIpGmQZcazWUM5zOR3KCXvNXRg/ZD1yVY3gXlX\nnVIVgrWs1mYAt1qUh6qSk1dPVGS4++ZbBgR32j22/BG23blUDRDxoTktsf+GSgE0\nXxDjFMZTdQcOlaIwUpdG0rkfSgYVGeN4l9h3hMhjlzR2UKzW3GcrekFMJpEBG1Gi\nyGds4JQuZtIFjn+l5FQ+eYSordXMpOO7Q919RLaobhMUTMoFrB/LeohjKT/22njo\nfUXftoXoOzWz8RQ9hefTcrryUv3U43ruXDum2ycGFzVqAD+cmQKCAQEAwqg0vneU\nq5PPl8SbhQSsJK93K2sFDLIquvnErCrjXEUNabku3AdpWf6IybhIFbwCNqGb54Zm\nJzYIlHx4+5vXFb3dPlV9Qy3RkVwGiVZA/jd10CCT3MjnSGVJ48XKrL3/xtqcJryq\n9uDy6RuAhFjFQKKhh2hUd3uVnTH0eu5uHMwS43ZUT9kIrqR/9pbX80ApMHwNNrpU\nHqiaINNqkOOZn0c1WlTH8zVzKVlHITn1zROqAacx7ucz9tYTUpR2JDveZNd/aQAV\nquhVi62YTlrr6xYK0CWeS20RwkatZqiSqdzdmmz8hF8WELBo1kEtOb8/Xv69odME\nDTSgctLmzufUFwKCAQEA9K0ZQK3kRIsX4B01g5MIocoUEntTJ2J0x4V9YrInXlhP\nlKleGguGEtT+89zf0m3vSsSpQisDW0zgPgjFastkDmFbjVk67NKOvNrWx6OA3ZF2\nhTShRqmeW9fFdL3eLWXQPvL6gZOaH4yAi5oRQOYje2qlYtU++XBw70V7aE0oRGzl\nQJHlm0WjaQ/AiYSjimt7opIc4DZ2M5dedpGQ/uwDkU2Bi8ESpYIFoSIkXED/pZj8\n8aI+QWQL7Tbdr3jIEey1UY8AAWdHm2l6kdJIJQS4oEPkCotBUcpTSZ02AXTutt6d\nTy95EqXZrTfukWtbMJcxRNJ2KpqlEWTKA4T7J0tnlQKCAQAwRLuHe2mPPkDc1nDm\nBCmXkzcOuiPvaQK1iJffRWdJiwnvbG8VOnVCTp6mvp6JXSyDVYGuYKJWGMz53P+3\nDIbCKmmBOnusO+FalSI9zfih0SjSqjFgLyVCy3MOGw7N1PNm4PCVnnUacN9rNFmi\n98w54doCFLnVQvzvlOKV1SfS1jvc0YvInP3NKJdekzsLY56TGj/AkWWokJBfkW08\nbmO6nlK5iopmYZuj5jKAJ7ou1zBx5n64SfaVv7Hc6Vl+VKYqBVHfvJii36fO0gYR\nb/ROQBIAWUOuWmZr8VCwQx7TJiSBVYMsY9O54bStZE4NosHZEXv+c6/ugl1C+88m\nAVCTAoIBADMcPZwvNvHChHhCYb1cZ380cUDzFgmyHWbYUbreMC8bD3SkdI3IPneM\nmr1iNDcG0+ewcRLrXUYjJuyOdH68gegnGjLKou55hWuZ4yfM1cxy6Gkm91GFeRkC\nV7LtPo4JKJkdtIqAxL82YFvJETWXXW4YdvfQR9lfTZgN0ZuWEoVIohL85xOqVlpJ\n+hQ/6tGtZiQtlW6YsdRRGGB4Q+ucbZpasGb7K+P65yYjtai3wy9aZ+wp0gti1ML2\npRRUjKaB5dZlosCoTGMAg6QWYw+ojtCbnfU95aUqOH+2IWPogz0b/4xdBFOK5Y+z\nkVg7Ls9VpesUc66uozCg9zoI+1XYAIkCggEAK5BpIfQRnOGMKWtxQhpsViJW/W7O\n29S1a53J3pTSwEpodVm+X8WFeElh91MSNSybTCp18Gfc43l4tLUUNRWSpHTMrNrh\ns4fx0px5njA1FRk7NAXmrohWGbwoXU/FFGjADGQdCJToF3HQBG+6mSTJNBTdRTH5\ne8CjjX8R0FjoEUUcJgwPZygdIDVvuSB4PiY6tcbjQwtAuMrjzZ71a6fKG0Ac6k/M\n+uxWcPtvsu6HwRt1+4n1TaXGPNtU2ZfXHHSqx+xopsI6dCacZWoOA6i57PQxDsEh\n+kQk296Hn3Rn/v/BOBqTpB6t+/o0p7Fg1/Qk2udNTmPneuOJu0wid9x2kQ==\n-----END RSA PRIVATE KEY-----\n",
            "content_base64": null,
            "content_base64sha256": "TRVVI43FNy4J9B37DmP0jJpn7WNYycSRLVoTFUByKp4=",
            "content_base64sha512": "RqfR1BXrOrAKX/qcjIsRYqKh0SzS63xDG2+XVfnY48fFY9xgZloUPXWvODAtWPYBu4RMqQQPnwJs5jeOAVN3hQ==",
            "content_md5": "8ee109be178b50dfe19a56034fea75b2",
            "content_sha1": "109628c4023dc4851639b888ef2fc297c1611c1d",
            "content_sha256": "4d1555238dc5372e09f41dfb0e63f48c9a67ed6358c9c4912d5a131540722a9e",
            "content_sha512": "46a7d1d415eb3ab00a5ffa9c8c8b1162a2a1d12cd2eb7c431b6f9755f9d8e3c7c563dc60665a143d75af38302d58f601bb844ca9040f9f026ce6378e01537785",
            "directory_permission": "0777",
            "file_permission": "0400",
            "filename": "./tf-vpc-demo-key.pem",
            "id": "109628c4023dc4851639b888ef2fc297c1611c1d",
            "sensitive_content": null,
            "source": null
          },
          "sensitive_attributes": [
            [
              {
                "type": "get_attr",
                "value": "content"
              }
            ],
            [
              {
                "type": "get_attr",
                "value": "sensitive_content"
              }
            ]
          ],
          "identity_schema_version": 0,
          "dependencies": [
            "tls_private_key.ssh"
          ]
        }
      ]
    },
    {
      "mode": "managed",
      "type": "tls_private_key",
      "name": "ssh",
      "provider": "provider[\"registry.terraform.io/hashicorp/tls\"]",
      "instances": [
        {
          "schema_version": 1,
          "attributes": {
            "algorithm": "RSA",
            "ecdsa_curve": "P224",
            "id": "1190d6011aa30260f826ace16ca923d4d6d9a892",
            "private_key_openssh": "-----BEGIN OPENSSH PRIVATE KEY-----\nb3BlbnNzaC1rZXktdjEAAAAABG5vbmUAAAAEbm9uZQAAAAAAAAABAAACFwAAAAdz\nc2gtcnNhAAAAAwEAAQAAAgEAugvxJModid5gnP7Y8H/rJ0bk3ZKeXDsuPKzQa/Ob\nTaBtDYofGX23xDnDizbUSNIRf8dLi3kKoPIYtay0mZGyjlkt1MBjQHFteRrdI8PA\nAbMPiR9w7rbOCLOL1Gsw7GaYtBbFutacbCxTYagkRa7i8281KncMD718tvwtO0rb\nwIkQjIXjXouS0EKS8K9AkvSi4PJWhLYEqRDE+GRwjvfAFGPJZL7oQHAOTe86jx25\neWxGk0ijsUz1yEbNf1eXAlMJrVcpylqYWQWKQqL9qNh7IgyXGXxvjhm4GjKSjaPS\nIVOI8sLLC0Yw6p/hA4gsAVmMFYp2Wc7HH01OtLVfAdwUfP2KFeutHblHTOAoQfLl\nmPPH2JEnOQ1Q9x50NspfJjfrxz5bdKjbTmj5VIKhrrOTwmQ5ILy4cVIb0kDx8w+U\nj+QqsWvm/bX8TKOlpid2m8q0bRxT8qiVHf6938+iG3BFzmsq+T5kobAarmgGggNF\nldOjPf8RjktB2UlPnTG/EBOXqm2lC1mqySbp2bQTzLNKsrUB7vQZf2jvg9MwUUow\nE72hH/RH7REQlJ54vE0nswWzkHBO/SNEBs5GrYRZABOmOtdvyDY7VcfsmAsLohkw\nzahoNVXfeDGuKnjiaqphuqR2G/CgthMplVW/oXkxXJIVzKDfaQ4zSuD+kcFbXVcA\nsmMAAAc4+AnbffgJ230AAAAHc3NoLXJzYQAAAgEAugvxJModid5gnP7Y8H/rJ0bk\n3ZKeXDsuPKzQa/ObTaBtDYofGX23xDnDizbUSNIRf8dLi3kKoPIYtay0mZGyjlkt\n1MBjQHFteRrdI8PAAbMPiR9w7rbOCLOL1Gsw7GaYtBbFutacbCxTYagkRa7i8281\nKncMD718tvwtO0rbwIkQjIXjXouS0EKS8K9AkvSi4PJWhLYEqRDE+GRwjvfAFGPJ\nZL7oQHAOTe86jx25eWxGk0ijsUz1yEbNf1eXAlMJrVcpylqYWQWKQqL9qNh7IgyX\nGXxvjhm4GjKSjaPSIVOI8sLLC0Yw6p/hA4gsAVmMFYp2Wc7HH01OtLVfAdwUfP2K\nFeutHblHTOAoQfLlmPPH2JEnOQ1Q9x50NspfJjfrxz5bdKjbTmj5VIKhrrOTwmQ5\nILy4cVIb0kDx8w+Uj+QqsWvm/bX8TKOlpid2m8q0bRxT8qiVHf6938+iG3BFzmsq\n+T5kobAarmgGggNFldOjPf8RjktB2UlPnTG/EBOXqm2lC1mqySbp2bQTzLNKsrUB\n7vQZf2jvg9MwUUowE72hH/RH7REQlJ54vE0nswWzkHBO/SNEBs5GrYRZABOmOtdv\nyDY7VcfsmAsLohkwzahoNVXfeDGuKnjiaqphuqR2G/CgthMplVW/oXkxXJIVzKDf\naQ4zSuD+kcFbXVcAsmMAAAADAQABAAACAD49ooYBTBKEn+PF6oPC98OjFwv9chc/\nAT/xPKTw0aMNqY4fCDp58ZGnFYEsbaaTCKGr5d0aOHERrSySQ7UgphCzSv7jAhFc\nIRij4RmG8mRfKDJin2BtLc6BaqU82xgrVqjg+XOBOsGBrr98Be5+DJUOPkYfn5xg\ncymwgd1VNOFbuXqZjDBkF1CvBQOaTcscJqWEzWcGkdaRsqO6zmE2Bz+LBqQ6re5o\nzpBKGVgpxJQXoiDB62l0asF+1l7kybNQXmtsPqHg3xjhHpkeeCgVjFQezCoNlDCA\n8DNredYC2Vim3qkAe/cgm1rS8+8/jiFBePj34pI2+CzDqzIPf2Ja40s+eIft3I9H\ncMlEMlSyPi647Xo3APx4EJTqqu95D5TsveAT2MyC5j/IsUipH4C06oikaZBlxrNZ\nQznM5HcoJe81dGD9kPXJVjeBeVedUhWCtazWZgC3WpSHqpKTV09UZLj75lsGBHfa\nPbb8EbbduVQNEPGhOS2x/4ZKATRfEOMUxlN1Bw6VojBSl0bSuR9KBhUZ43iX2HeE\nyGOXNHZQrNbcZyt6QUwmkQEbUaLIZ2zglC5m0gWOf6XkVD55hKit1cyk47tD3X1E\ntqhuExRMygWsH8t6iGMpP/baeOh9Rd+2heg7NbPxFD2F59NyuvJS/dTjeu5cO6bb\nJwYXNWoAP5yZAAABACuQaSH0EZzhjClrcUIabFYiVv1uztvUtWudyd6U0sBKaHVZ\nvl/FhXhJYfdTEjUsm0wqdfBn3ON5eLS1FDUVkqR0zKza4bOH8dKceZ4wNRUZOzQF\n5q6IVhm8KF1PxRRowAxkHQiU6Bdx0ARvupkkyTQU3UUx+XvAo41/EdBY6BFFHCYM\nD2coHSA1b7kgeD4mOrXG40MLQLjK482e9WunyhtAHOpPzPrsVnD7b7Luh8EbdfuJ\n9U2lxjzbVNmX1xx0qsfsaKbCOnQmnGVqDgOouez0MQ7BIfpEJNveh590Z/7/wTga\nk6Qerfv6NKexYNf0JNrnTU5j53rjibtMInfcdpEAAAEBAMKoNL53lKuTz5fEm4UE\nrCSvdytrBQyyKrr5xKwq41xFDWm5LtwHaVn+iMm4SBW8Ajahm+eGZic2CJR8ePub\n1xW93T5VfUMt0ZFcBolWQP43ddAgk9zI50hlSePFyqy9/8banCa8qvbg8ukbgIRY\nxUCioYdoVHd7lZ0x9HrubhzMEuN2VE/ZCK6kf/aW1/NAKTB8DTa6VB6omiDTapDj\nmZ9HNVpUx/M1cylZRyE59c0TqgGnMe7nM/bWE1KUdiQ73mTXf2kAFaroVYutmE5a\n6+sWCtAlnkttEcJGrWaokqnc3Zps/IRfFhCwaNZBLTm/P17+vaHTBA00oHLS5s7n\n1BcAAAEBAPStGUCt5ESLF+AdNYOTCKHKFBJ7UydidMeFfWKyJ15YT5SpXhoLhhLU\n/vPc39Jt70rEqUIrA1tM4D4IxWrLZA5hW41ZOuzSjrza1sejgN2RdoU0oUapnlvX\nxXS93i1l0D7y+oGTmh+MgIuaEUDmI3tqpWLVPvlwcO9Fe2hNKERs5UCR5ZtFo2kP\nwImEo4pre6KSHOA2djOXXnaRkP7sA5FNgYvBEqWCBaEiJFxA/6WY/PGiPkFkC+02\n3a94yBHstVGPAAFnR5tpepHSSCUEuKBD5AqLQVHKU0mdNgF07rbenU8veRKl2a03\n7pFrWzCXMUTSdiqapRFkygOE+ydLZ5UAAAAAAQID\n-----END OPENSSH PRIVATE KEY-----\n",
            "private_key_pem": "-----BEGIN RSA PRIVATE KEY-----\nMIIJJwIBAAKCAgEAugvxJModid5gnP7Y8H/rJ0bk3ZKeXDsuPKzQa/ObTaBtDYof\nGX23xDnDizbUSNIRf8dLi3kKoPIYtay0mZGyjlkt1MBjQHFteRrdI8PAAbMPiR9w\n7rbOCLOL1Gsw7GaYtBbFutacbCxTYagkRa7i8281KncMD718tvwtO0rbwIkQjIXj\nXouS0EKS8K9AkvSi4PJWhLYEqRDE+GRwjvfAFGPJZL7oQHAOTe86jx25eWxGk0ij\nsUz1yEbNf1eXAlMJrVcpylqYWQWKQqL9qNh7IgyXGXxvjhm4GjKSjaPSIVOI8sLL\nC0Yw6p/hA4gsAVmMFYp2Wc7HH01OtLVfAdwUfP2KFeutHblHTOAoQfLlmPPH2JEn\nOQ1Q9x50NspfJjfrxz5bdKjbTmj5VIKhrrOTwmQ5ILy4cVIb0kDx8w+Uj+QqsWvm\n/bX8TKOlpid2m8q0bRxT8qiVHf6938+iG3BFzmsq+T5kobAarmgGggNFldOjPf8R\njktB2UlPnTG/EBOXqm2lC1mqySbp2bQTzLNKsrUB7vQZf2jvg9MwUUowE72hH/RH\n7REQlJ54vE0nswWzkHBO/SNEBs5GrYRZABOmOtdvyDY7VcfsmAsLohkwzahoNVXf\neDGuKnjiaqphuqR2G/CgthMplVW/oXkxXJIVzKDfaQ4zSuD+kcFbXVcAsmMCAwEA\nAQKCAgA+PaKGAUwShJ/jxeqDwvfDoxcL/XIXPwE/8Tyk8NGjDamOHwg6efGRpxWB\nLG2mkwihq+XdGjhxEa0skkO1IKYQs0r+4wIRXCEYo+EZhvJkXygyYp9gbS3OgWql\nPNsYK1ao4PlzgTrBga6/fAXufgyVDj5GH5+cYHMpsIHdVTThW7l6mYwwZBdQrwUD\nmk3LHCalhM1nBpHWkbKjus5hNgc/iwakOq3uaM6QShlYKcSUF6IgwetpdGrBftZe\n5MmzUF5rbD6h4N8Y4R6ZHngoFYxUHswqDZQwgPAza3nWAtlYpt6pAHv3IJta0vPv\nP44hQXj49+KSNvgsw6syD39iWuNLPniH7dyPR3DJRDJUsj4uuO16NwD8eBCU6qrv\neQ+U7L3gE9jMguY/yLFIqR+AtOqIpGmQZcazWUM5zOR3KCXvNXRg/ZD1yVY3gXlX\nnVIVgrWs1mYAt1qUh6qSk1dPVGS4++ZbBgR32j22/BG23blUDRDxoTktsf+GSgE0\nXxDjFMZTdQcOlaIwUpdG0rkfSgYVGeN4l9h3hMhjlzR2UKzW3GcrekFMJpEBG1Gi\nyGds4JQuZtIFjn+l5FQ+eYSordXMpOO7Q919RLaobhMUTMoFrB/LeohjKT/22njo\nfUXftoXoOzWz8RQ9hefTcrryUv3U43ruXDum2ycGFzVqAD+cmQKCAQEAwqg0vneU\nq5PPl8SbhQSsJK93K2sFDLIquvnErCrjXEUNabku3AdpWf6IybhIFbwCNqGb54Zm\nJzYIlHx4+5vXFb3dPlV9Qy3RkVwGiVZA/jd10CCT3MjnSGVJ48XKrL3/xtqcJryq\n9uDy6RuAhFjFQKKhh2hUd3uVnTH0eu5uHMwS43ZUT9kIrqR/9pbX80ApMHwNNrpU\nHqiaINNqkOOZn0c1WlTH8zVzKVlHITn1zROqAacx7ucz9tYTUpR2JDveZNd/aQAV\nquhVi62YTlrr6xYK0CWeS20RwkatZqiSqdzdmmz8hF8WELBo1kEtOb8/Xv69odME\nDTSgctLmzufUFwKCAQEA9K0ZQK3kRIsX4B01g5MIocoUEntTJ2J0x4V9YrInXlhP\nlKleGguGEtT+89zf0m3vSsSpQisDW0zgPgjFastkDmFbjVk67NKOvNrWx6OA3ZF2\nhTShRqmeW9fFdL3eLWXQPvL6gZOaH4yAi5oRQOYje2qlYtU++XBw70V7aE0oRGzl\nQJHlm0WjaQ/AiYSjimt7opIc4DZ2M5dedpGQ/uwDkU2Bi8ESpYIFoSIkXED/pZj8\n8aI+QWQL7Tbdr3jIEey1UY8AAWdHm2l6kdJIJQS4oEPkCotBUcpTSZ02AXTutt6d\nTy95EqXZrTfukWtbMJcxRNJ2KpqlEWTKA4T7J0tnlQKCAQAwRLuHe2mPPkDc1nDm\nBCmXkzcOuiPvaQK1iJffRWdJiwnvbG8VOnVCTp6mvp6JXSyDVYGuYKJWGMz53P+3\nDIbCKmmBOnusO+FalSI9zfih0SjSqjFgLyVCy3MOGw7N1PNm4PCVnnUacN9rNFmi\n98w54doCFLnVQvzvlOKV1SfS1jvc0YvInP3NKJdekzsLY56TGj/AkWWokJBfkW08\nbmO6nlK5iopmYZuj5jKAJ7ou1zBx5n64SfaVv7Hc6Vl+VKYqBVHfvJii36fO0gYR\nb/ROQBIAWUOuWmZr8VCwQx7TJiSBVYMsY9O54bStZE4NosHZEXv+c6/ugl1C+88m\nAVCTAoIBADMcPZwvNvHChHhCYb1cZ380cUDzFgmyHWbYUbreMC8bD3SkdI3IPneM\nmr1iNDcG0+ewcRLrXUYjJuyOdH68gegnGjLKou55hWuZ4yfM1cxy6Gkm91GFeRkC\nV7LtPo4JKJkdtIqAxL82YFvJETWXXW4YdvfQR9lfTZgN0ZuWEoVIohL85xOqVlpJ\n+hQ/6tGtZiQtlW6YsdRRGGB4Q+ucbZpasGb7K+P65yYjtai3wy9aZ+wp0gti1ML2\npRRUjKaB5dZlosCoTGMAg6QWYw+ojtCbnfU95aUqOH+2IWPogz0b/4xdBFOK5Y+z\nkVg7Ls9VpesUc66uozCg9zoI+1XYAIkCggEAK5BpIfQRnOGMKWtxQhpsViJW/W7O\n29S1a53J3pTSwEpodVm+X8WFeElh91MSNSybTCp18Gfc43l4tLUUNRWSpHTMrNrh\ns4fx0px5njA1FRk7NAXmrohWGbwoXU/FFGjADGQdCJToF3HQBG+6mSTJNBTdRTH5\ne8CjjX8R0FjoEUUcJgwPZygdIDVvuSB4PiY6tcbjQwtAuMrjzZ71a6fKG0Ac6k/M\n+uxWcPtvsu6HwRt1+4n1TaXGPNtU2ZfXHHSqx+xopsI6dCacZWoOA6i57PQxDsEh\n+kQk296Hn3Rn/v/BOBqTpB6t+/o0p7Fg1/Qk2udNTmPneuOJu0wid9x2kQ==\n-----END RSA PRIVATE KEY-----\n",
            "private_key_pem_pkcs8": "-----BEGIN PRIVATE KEY-----\nMIIJQQIBADANBgkqhkiG9w0BAQEFAASCCSswggknAgEAAoICAQC6C/Ekyh2J3mCc\n/tjwf+snRuTdkp5cOy48rNBr85tNoG0Nih8ZfbfEOcOLNtRI0hF/x0uLeQqg8hi1\nrLSZkbKOWS3UwGNAcW15Gt0jw8ABsw+JH3Duts4Is4vUazDsZpi0FsW61pxsLFNh\nqCRFruLzbzUqdwwPvXy2/C07StvAiRCMheNei5LQQpLwr0CS9KLg8laEtgSpEMT4\nZHCO98AUY8lkvuhAcA5N7zqPHbl5bEaTSKOxTPXIRs1/V5cCUwmtVynKWphZBYpC\nov2o2HsiDJcZfG+OGbgaMpKNo9IhU4jywssLRjDqn+EDiCwBWYwVinZZzscfTU60\ntV8B3BR8/YoV660duUdM4ChB8uWY88fYkSc5DVD3HnQ2yl8mN+vHPlt0qNtOaPlU\ngqGus5PCZDkgvLhxUhvSQPHzD5SP5Cqxa+b9tfxMo6WmJ3abyrRtHFPyqJUd/r3f\nz6IbcEXOayr5PmShsBquaAaCA0WV06M9/xGOS0HZSU+dMb8QE5eqbaULWarJJunZ\ntBPMs0qytQHu9Bl/aO+D0zBRSjATvaEf9EftERCUnni8TSezBbOQcE79I0QGzkat\nhFkAE6Y612/INjtVx+yYCwuiGTDNqGg1Vd94Ma4qeOJqqmG6pHYb8KC2EymVVb+h\neTFckhXMoN9pDjNK4P6RwVtdVwCyYwIDAQABAoICAD49ooYBTBKEn+PF6oPC98Oj\nFwv9chc/AT/xPKTw0aMNqY4fCDp58ZGnFYEsbaaTCKGr5d0aOHERrSySQ7UgphCz\nSv7jAhFcIRij4RmG8mRfKDJin2BtLc6BaqU82xgrVqjg+XOBOsGBrr98Be5+DJUO\nPkYfn5xgcymwgd1VNOFbuXqZjDBkF1CvBQOaTcscJqWEzWcGkdaRsqO6zmE2Bz+L\nBqQ6re5ozpBKGVgpxJQXoiDB62l0asF+1l7kybNQXmtsPqHg3xjhHpkeeCgVjFQe\nzCoNlDCA8DNredYC2Vim3qkAe/cgm1rS8+8/jiFBePj34pI2+CzDqzIPf2Ja40s+\neIft3I9HcMlEMlSyPi647Xo3APx4EJTqqu95D5TsveAT2MyC5j/IsUipH4C06oik\naZBlxrNZQznM5HcoJe81dGD9kPXJVjeBeVedUhWCtazWZgC3WpSHqpKTV09UZLj7\n5lsGBHfaPbb8EbbduVQNEPGhOS2x/4ZKATRfEOMUxlN1Bw6VojBSl0bSuR9KBhUZ\n43iX2HeEyGOXNHZQrNbcZyt6QUwmkQEbUaLIZ2zglC5m0gWOf6XkVD55hKit1cyk\n47tD3X1EtqhuExRMygWsH8t6iGMpP/baeOh9Rd+2heg7NbPxFD2F59NyuvJS/dTj\neu5cO6bbJwYXNWoAP5yZAoIBAQDCqDS+d5Srk8+XxJuFBKwkr3crawUMsiq6+cSs\nKuNcRQ1puS7cB2lZ/ojJuEgVvAI2oZvnhmYnNgiUfHj7m9cVvd0+VX1DLdGRXAaJ\nVkD+N3XQIJPcyOdIZUnjxcqsvf/G2pwmvKr24PLpG4CEWMVAoqGHaFR3e5WdMfR6\n7m4czBLjdlRP2QiupH/2ltfzQCkwfA02ulQeqJog02qQ45mfRzVaVMfzNXMpWUch\nOfXNE6oBpzHu5zP21hNSlHYkO95k139pABWq6FWLrZhOWuvrFgrQJZ5LbRHCRq1m\nqJKp3N2abPyEXxYQsGjWQS05vz9e/r2h0wQNNKBy0ubO59QXAoIBAQD0rRlAreRE\nixfgHTWDkwihyhQSe1MnYnTHhX1isideWE+UqV4aC4YS1P7z3N/Sbe9KxKlCKwNb\nTOA+CMVqy2QOYVuNWTrs0o682tbHo4DdkXaFNKFGqZ5b18V0vd4tZdA+8vqBk5of\njICLmhFA5iN7aqVi1T75cHDvRXtoTShEbOVAkeWbRaNpD8CJhKOKa3uikhzgNnYz\nl152kZD+7AORTYGLwRKlggWhIiRcQP+lmPzxoj5BZAvtNt2veMgR7LVRjwABZ0eb\naXqR0kglBLigQ+QKi0FRylNJnTYBdO623p1PL3kSpdmtN+6Ra1swlzFE0nYqmqUR\nZMoDhPsnS2eVAoIBADBEu4d7aY8+QNzWcOYEKZeTNw66I+9pArWIl99FZ0mLCe9s\nbxU6dUJOnqa+noldLINVga5golYYzPnc/7cMhsIqaYE6e6w74VqVIj3N+KHRKNKq\nMWAvJULLcw4bDs3U82bg8JWedRpw32s0WaL3zDnh2gIUudVC/O+U4pXVJ9LWO9zR\ni8ic/c0ol16TOwtjnpMaP8CRZaiQkF+RbTxuY7qeUrmKimZhm6PmMoAnui7XMHHm\nfrhJ9pW/sdzpWX5UpioFUd+8mKLfp87SBhFv9E5AEgBZQ65aZmvxULBDHtMmJIFV\ngyxj07nhtK1kTg2iwdkRe/5zr+6CXUL7zyYBUJMCggEAMxw9nC828cKEeEJhvVxn\nfzRxQPMWCbIdZthRut4wLxsPdKR0jcg+d4yavWI0NwbT57BxEutdRiMm7I50fryB\n6CcaMsqi7nmFa5njJ8zVzHLoaSb3UYV5GQJXsu0+jgkomR20ioDEvzZgW8kRNZdd\nbhh299BH2V9NmA3Rm5YShUiiEvznE6pWWkn6FD/q0a1mJC2Vbpix1FEYYHhD65xt\nmlqwZvsr4/rnJiO1qLfDL1pn7CnSC2LUwvalFFSMpoHl1mWiwKhMYwCDpBZjD6iO\n0Jud9T3lpSo4f7YhY+iDPRv/jF0EU4rlj7ORWDsuz1Wl6xRzrq6jMKD3Ogj7VdgA\niQKCAQArkGkh9BGc4Ywpa3FCGmxWIlb9bs7b1LVrncnelNLASmh1Wb5fxYV4SWH3\nUxI1LJtMKnXwZ9zjeXi0tRQ1FZKkdMys2uGzh/HSnHmeMDUVGTs0BeauiFYZvChd\nT8UUaMAMZB0IlOgXcdAEb7qZJMk0FN1FMfl7wKONfxHQWOgRRRwmDA9nKB0gNW+5\nIHg+Jjq1xuNDC0C4yuPNnvVrp8obQBzqT8z67FZw+2+y7ofBG3X7ifVNpcY821TZ\nl9ccdKrH7Gimwjp0Jpxlag4DqLns9DEOwSH6RCTb3oefdGf+/8E4GpOkHq37+jSn\nsWDX9CTa501OY+d644m7TCJ33HaR\n-----END PRIVATE KEY-----\n",
            "public_key_fingerprint_md5": "91:c6:5b:95:f9:58:48:8d:ef:3d:b5:d7:b3:54:66:0b",
            "public_key_fingerprint_sha256": "SHA256:yN6CzOjjC0W8FxscvvXZaTaWj4W4yIPWLoytjFNvui4",
            "public_key_openssh": "ssh-rsa AAAAB3NzaC1yc2EAAAADAQABAAACAQC6C/Ekyh2J3mCc/tjwf+snRuTdkp5cOy48rNBr85tNoG0Nih8ZfbfEOcOLNtRI0hF/x0uLeQqg8hi1rLSZkbKOWS3UwGNAcW15Gt0jw8ABsw+JH3Duts4Is4vUazDsZpi0FsW61pxsLFNhqCRFruLzbzUqdwwPvXy2/C07StvAiRCMheNei5LQQpLwr0CS9KLg8laEtgSpEMT4ZHCO98AUY8lkvuhAcA5N7zqPHbl5bEaTSKOxTPXIRs1/V5cCUwmtVynKWphZBYpCov2o2HsiDJcZfG+OGbgaMpKNo9IhU4jywssLRjDqn+EDiCwBWYwVinZZzscfTU60tV8B3BR8/YoV660duUdM4ChB8uWY88fYkSc5DVD3HnQ2yl8mN+vHPlt0qNtOaPlUgqGus5PCZDkgvLhxUhvSQPHzD5SP5Cqxa+b9tfxMo6WmJ3abyrRtHFPyqJUd/r3fz6IbcEXOayr5PmShsBquaAaCA0WV06M9/xGOS0HZSU+dMb8QE5eqbaULWarJJunZtBPMs0qytQHu9Bl/aO+D0zBRSjATvaEf9EftERCUnni8TSezBbOQcE79I0QGzkathFkAE6Y612/INjtVx+yYCwuiGTDNqGg1Vd94Ma4qeOJqqmG6pHYb8KC2EymVVb+heTFckhXMoN9pDjNK4P6RwVtdVwCyYw==\n",
            "public_key_pem": "-----BEGIN PUBLIC KEY-----\nMIICIjANBgkqhkiG9w0BAQEFAAOCAg8AMIICCgKCAgEAugvxJModid5gnP7Y8H/r\nJ0bk3ZKeXDsuPKzQa/ObTaBtDYofGX23xDnDizbUSNIRf8dLi3kKoPIYtay0mZGy\njlkt1MBjQHFteRrdI8PAAbMPiR9w7rbOCLOL1Gsw7GaYtBbFutacbCxTYagkRa7i\n8281KncMD718tvwtO0rbwIkQjIXjXouS0EKS8K9AkvSi4PJWhLYEqRDE+GRwjvfA\nFGPJZL7oQHAOTe86jx25eWxGk0ijsUz1yEbNf1eXAlMJrVcpylqYWQWKQqL9qNh7\nIgyXGXxvjhm4GjKSjaPSIVOI8sLLC0Yw6p/hA4gsAVmMFYp2Wc7HH01OtLVfAdwU\nfP2KFeutHblHTOAoQfLlmPPH2JEnOQ1Q9x50NspfJjfrxz5bdKjbTmj5VIKhrrOT\nwmQ5ILy4cVIb0kDx8w+Uj+QqsWvm/bX8TKOlpid2m8q0bRxT8qiVHf6938+iG3BF\nzmsq+T5kobAarmgGggNFldOjPf8RjktB2UlPnTG/EBOXqm2lC1mqySbp2bQTzLNK\nsrUB7vQZf2jvg9MwUUowE72hH/RH7REQlJ54vE0nswWzkHBO/SNEBs5GrYRZABOm\nOtdvyDY7VcfsmAsLohkwzahoNVXfeDGuKnjiaqphuqR2G/CgthMplVW/oXkxXJIV\nzKDfaQ4zSuD+kcFbXVcAsmMCAwEAAQ==\n-----END PUBLIC KEY-----\n",
            "rsa_bits": 4096
          },
          "sensitive_attributes": [
            [
              {
                "type": "get_attr",
                "value": "private_key_openssh"
              }
            ],
            [
              {
                "type": "get_attr",
                "value": "private_key_pem"
              }
            ],
            [
              {
                "type": "get_attr",
                "value": "private_key_pem_pkcs8"
              }
            ]
          ],
          "identity_schema_version": 0
        }
      ]
    }
  ],
  "check_results": null
}
